// !$*UTF8*$!
{
	archiveVersion = 1;
	classes = {
	};
	objectVersion = 46;
	objects = {

/* Begin PBXBuildFile section */
		03B1F19E4C8D4A1AB1715A22 /* FontAwesome5_Regular.ttf in Resources */ = {isa = PBXBuildFile; fileRef = 49BBEFE9EC804EEBAB515F10 /* FontAwesome5_Regular.ttf */; };
		05894E10BC8C4A4DA4D78567 /* Ionicons.ttf in Resources */ = {isa = PBXBuildFile; fileRef = A5E08B449B1840F78C45F92B /* Ionicons.ttf */; };
		091413F6FA604D6699017265 /* Fontisto.ttf in Resources */ = {isa = PBXBuildFile; fileRef = E586B49D27C146A39BC28D1F /* Fontisto.ttf */; };
		13B07FBC1A68108700A75B9A /* AppDelegate.m in Sources */ = {isa = PBXBuildFile; fileRef = 13B07FB01A68108700A75B9A /* AppDelegate.m */; };
		13B07FBF1A68108700A75B9A /* Images.xcassets in Resources */ = {isa = PBXBuildFile; fileRef = 13B07FB51A68108700A75B9A /* Images.xcassets */; };
		13B07FC11A68108700A75B9A /* main.m in Sources */ = {isa = PBXBuildFile; fileRef = 13B07FB71A68108700A75B9A /* main.m */; };
		1BE34485E4374293AF50A65B /* MaterialCommunityIcons.ttf in Resources */ = {isa = PBXBuildFile; fileRef = 9BED2614D58B4E8BB3ADA8B6 /* MaterialCommunityIcons.ttf */; };
		24072B7298834C50A485E68E /* Foundation.ttf in Resources */ = {isa = PBXBuildFile; fileRef = E354744DC3334B57AFCA5348 /* Foundation.ttf */; };
		261C8B642D4F471A9DD99B8A /* Entypo.ttf in Resources */ = {isa = PBXBuildFile; fileRef = 8B425285A0534DF5B2334AFC /* Entypo.ttf */; };
		2DC1EC63E71A47F58BDA726D /* Zocial.ttf in Resources */ = {isa = PBXBuildFile; fileRef = EAAFF5CB0F6B4EE88610ED27 /* Zocial.ttf */; };
		347BCD3A2BA44C56A8862D19 /* Octicons.ttf in Resources */ = {isa = PBXBuildFile; fileRef = 6C590A2B493D46D096101442 /* Octicons.ttf */; };
		3A07CCEC455C483C91961723 /* FontAwesome5_Solid.ttf in Resources */ = {isa = PBXBuildFile; fileRef = EC5DB03D0A4E4C82A1B52173 /* FontAwesome5_Solid.ttf */; };
		3F61C322A3A04F2B9E4B7DBA /* MaterialIcons.ttf in Resources */ = {isa = PBXBuildFile; fileRef = 56E17666B6C541EE9B1787A8 /* MaterialIcons.ttf */; };
		4C7A35AFFDFD92863BC64B1B /* libPods-defaults-BelshopQA.a in Frameworks */ = {isa = PBXBuildFile; fileRef = 1C47D66F1B5BAA705D516CEF /* libPods-defaults-BelshopQA.a */; };
		5F00AE7F2BCB49B0AE2A838C /* EvilIcons.ttf in Resources */ = {isa = PBXBuildFile; fileRef = F2EC39BDA436443FAD2CB945 /* EvilIcons.ttf */; };
		6418B99FCAB24B4510540C18 /* libPods-defaults-Belshop.a in Frameworks */ = {isa = PBXBuildFile; fileRef = 7FD9127BD874E6CF057562B6 /* libPods-defaults-Belshop.a */; };
		7664B3F345934DA082D5E31B /* AntDesign.ttf in Resources */ = {isa = PBXBuildFile; fileRef = 005D56A453CD4E8784716610 /* AntDesign.ttf */; };
		81E1F0B7256F134E00888246 /* SplashScreen.storyboard in Resources */ = {isa = PBXBuildFile; fileRef = 81E1F0B6256F134E00888246 /* SplashScreen.storyboard */; };
		81E1F0B8256F134E00888246 /* SplashScreen.storyboard in Resources */ = {isa = PBXBuildFile; fileRef = 81E1F0B6256F134E00888246 /* SplashScreen.storyboard */; };
		81E1F0B9256F134E00888246 /* SplashScreen.storyboard in Resources */ = {isa = PBXBuildFile; fileRef = 81E1F0B6256F134E00888246 /* SplashScreen.storyboard */; };
		81E1F0BA256F134E00888246 /* SplashScreen.storyboard in Resources */ = {isa = PBXBuildFile; fileRef = 81E1F0B6256F134E00888246 /* SplashScreen.storyboard */; };
		8BA8A44DF5B6428EB94E453B /* FontAwesome5_Brands.ttf in Resources */ = {isa = PBXBuildFile; fileRef = 278B651D3F1A455F92EFB848 /* FontAwesome5_Brands.ttf */; };
		8D64D591678AB4647302D2D0 /* libPods-defaults-BelshopDev.a in Frameworks */ = {isa = PBXBuildFile; fileRef = 8995FD7C3916A9DA381BA0D5 /* libPods-defaults-BelshopDev.a */; };
		93BC986CEF86406F8213DDBB /* Feather.ttf in Resources */ = {isa = PBXBuildFile; fileRef = 30138ACD5D5F4725B73D6FD6 /* Feather.ttf */; };
		BB0A3D1B235A495400EAE732 /* AppDelegate.m in Sources */ = {isa = PBXBuildFile; fileRef = 13B07FB01A68108700A75B9A /* AppDelegate.m */; };
		BB0A3D1C235A495400EAE732 /* main.m in Sources */ = {isa = PBXBuildFile; fileRef = 13B07FB71A68108700A75B9A /* main.m */; };
		BB0A3D20235A495400EAE732 /* Images.xcassets in Resources */ = {isa = PBXBuildFile; fileRef = 13B07FB51A68108700A75B9A /* Images.xcassets */; };
		BB0A3D33235A4EA300EAE732 /* AppDelegate.m in Sources */ = {isa = PBXBuildFile; fileRef = 13B07FB01A68108700A75B9A /* AppDelegate.m */; };
		BB0A3D34235A4EA300EAE732 /* main.m in Sources */ = {isa = PBXBuildFile; fileRef = 13B07FB71A68108700A75B9A /* main.m */; };
		BB0A3D38235A4EA300EAE732 /* Images.xcassets in Resources */ = {isa = PBXBuildFile; fileRef = 13B07FB51A68108700A75B9A /* Images.xcassets */; };
		BB0A3D46235A575200EAE732 /* AppDelegate.m in Sources */ = {isa = PBXBuildFile; fileRef = 13B07FB01A68108700A75B9A /* AppDelegate.m */; };
		BB0A3D47235A575200EAE732 /* main.m in Sources */ = {isa = PBXBuildFile; fileRef = 13B07FB71A68108700A75B9A /* main.m */; };
		BB0A3D4B235A575200EAE732 /* Images.xcassets in Resources */ = {isa = PBXBuildFile; fileRef = 13B07FB51A68108700A75B9A /* Images.xcassets */; };
		BC638D410B884BD7B1790B6B /* SimpleLineIcons.ttf in Resources */ = {isa = PBXBuildFile; fileRef = 3E307BBC86E147C7A3BE6427 /* SimpleLineIcons.ttf */; };
		C52653374B6AC7F3A46022C9 /* libPods-defaults-BelshopStaging.a in Frameworks */ = {isa = PBXBuildFile; fileRef = 4995CFC4CED1E7A850F64594 /* libPods-defaults-BelshopStaging.a */; };
		C70F6DCB25645F9F00ECD05C /* BelshopDev-Info.plist in Resources */ = {isa = PBXBuildFile; fileRef = C70F6DCA25645F9F00ECD05C /* BelshopDev-Info.plist */; };
		C70F6DD125645FAD00ECD05C /* BelshopQA-Info.plist in Resources */ = {isa = PBXBuildFile; fileRef = C70F6DD025645FAC00ECD05C /* BelshopQA-Info.plist */; };
		C70F6DD725645FB500ECD05C /* BelshopStaging-Info.plist in Resources */ = {isa = PBXBuildFile; fileRef = C70F6DD625645FB500ECD05C /* BelshopStaging-Info.plist */; };
		C70F6E1E25648F3700ECD05C /* Inter.ttf in Resources */ = {isa = PBXBuildFile; fileRef = C70F6E1D25648F3700ECD05C /* Inter.ttf */; };
		C70F6E1F25648F3700ECD05C /* Inter.ttf in Resources */ = {isa = PBXBuildFile; fileRef = C70F6E1D25648F3700ECD05C /* Inter.ttf */; };
		C70F6E2025648F3700ECD05C /* Inter.ttf in Resources */ = {isa = PBXBuildFile; fileRef = C70F6E1D25648F3700ECD05C /* Inter.ttf */; };
		C70F6E2125648F3700ECD05C /* Inter.ttf in Resources */ = {isa = PBXBuildFile; fileRef = C70F6E1D25648F3700ECD05C /* Inter.ttf */; };
		CD91A3FB613E40F7B1F04398 /* FontAwesome.ttf in Resources */ = {isa = PBXBuildFile; fileRef = B45A3FD34FFD47D4B4E4ED70 /* FontAwesome.ttf */; };
/* End PBXBuildFile section */

/* Begin PBXFileReference section */
		005D56A453CD4E8784716610 /* AntDesign.ttf */ = {isa = PBXFileReference; explicitFileType = undefined; fileEncoding = 9; includeInIndex = 0; lastKnownFileType = unknown; name = AntDesign.ttf; path = "../node_modules/react-native-vector-icons/Fonts/AntDesign.ttf"; sourceTree = "<group>"; };
		008F07F21AC5B25A0029DE68 /* main.jsbundle */ = {isa = PBXFileReference; fileEncoding = 4; lastKnownFileType = text; path = main.jsbundle; sourceTree = "<group>"; };
		00E356F11AD99517003FC87E /* Info.plist */ = {isa = PBXFileReference; lastKnownFileType = text.plist.xml; path = Info.plist; sourceTree = "<group>"; };
		00E356F21AD99517003FC87E /* BelshopTests.m */ = {isa = PBXFileReference; lastKnownFileType = sourcecode.c.objc; path = BelshopTests.m; sourceTree = "<group>"; };
		13B07F961A680F5B00A75B9A /* Belshop.app */ = {isa = PBXFileReference; explicitFileType = wrapper.application; includeInIndex = 0; path = Belshop.app; sourceTree = BUILT_PRODUCTS_DIR; };
		13B07FAF1A68108700A75B9A /* AppDelegate.h */ = {isa = PBXFileReference; fileEncoding = 4; lastKnownFileType = sourcecode.c.h; name = AppDelegate.h; path = Belshop/AppDelegate.h; sourceTree = "<group>"; };
		13B07FB01A68108700A75B9A /* AppDelegate.m */ = {isa = PBXFileReference; fileEncoding = 4; lastKnownFileType = sourcecode.c.objc; name = AppDelegate.m; path = Belshop/AppDelegate.m; sourceTree = "<group>"; };
		13B07FB51A68108700A75B9A /* Images.xcassets */ = {isa = PBXFileReference; lastKnownFileType = folder.assetcatalog; name = Images.xcassets; path = Belshop/Images.xcassets; sourceTree = "<group>"; };
		13B07FB61A68108700A75B9A /* Info.plist */ = {isa = PBXFileReference; fileEncoding = 4; lastKnownFileType = text.plist.xml; name = Info.plist; path = Belshop/Info.plist; sourceTree = "<group>"; };
		13B07FB71A68108700A75B9A /* main.m */ = {isa = PBXFileReference; fileEncoding = 4; lastKnownFileType = sourcecode.c.objc; name = main.m; path = Belshop/main.m; sourceTree = "<group>"; };
		1C47D66F1B5BAA705D516CEF /* libPods-defaults-BelshopQA.a */ = {isa = PBXFileReference; explicitFileType = archive.ar; includeInIndex = 0; path = "libPods-defaults-BelshopQA.a"; sourceTree = BUILT_PRODUCTS_DIR; };
		278B651D3F1A455F92EFB848 /* FontAwesome5_Brands.ttf */ = {isa = PBXFileReference; explicitFileType = undefined; fileEncoding = 9; includeInIndex = 0; lastKnownFileType = unknown; name = FontAwesome5_Brands.ttf; path = "../node_modules/react-native-vector-icons/Fonts/FontAwesome5_Brands.ttf"; sourceTree = "<group>"; };
		30138ACD5D5F4725B73D6FD6 /* Feather.ttf */ = {isa = PBXFileReference; explicitFileType = undefined; fileEncoding = 9; includeInIndex = 0; lastKnownFileType = unknown; name = Feather.ttf; path = "../node_modules/react-native-vector-icons/Fonts/Feather.ttf"; sourceTree = "<group>"; };
		3E307BBC86E147C7A3BE6427 /* SimpleLineIcons.ttf */ = {isa = PBXFileReference; explicitFileType = undefined; fileEncoding = 9; includeInIndex = 0; lastKnownFileType = unknown; name = SimpleLineIcons.ttf; path = "../node_modules/react-native-vector-icons/Fonts/SimpleLineIcons.ttf"; sourceTree = "<group>"; };
		4300913F5A52FA84550FC2DC /* Pods-defaults-BelshopStaging.release.xcconfig */ = {isa = PBXFileReference; includeInIndex = 1; lastKnownFileType = text.xcconfig; name = "Pods-defaults-BelshopStaging.release.xcconfig"; path = "Target Support Files/Pods-defaults-BelshopStaging/Pods-defaults-BelshopStaging.release.xcconfig"; sourceTree = "<group>"; };
		4995CFC4CED1E7A850F64594 /* libPods-defaults-BelshopStaging.a */ = {isa = PBXFileReference; explicitFileType = archive.ar; includeInIndex = 0; path = "libPods-defaults-BelshopStaging.a"; sourceTree = BUILT_PRODUCTS_DIR; };
		49BBEFE9EC804EEBAB515F10 /* FontAwesome5_Regular.ttf */ = {isa = PBXFileReference; explicitFileType = undefined; fileEncoding = 9; includeInIndex = 0; lastKnownFileType = unknown; name = FontAwesome5_Regular.ttf; path = "../node_modules/react-native-vector-icons/Fonts/FontAwesome5_Regular.ttf"; sourceTree = "<group>"; };
		56E17666B6C541EE9B1787A8 /* MaterialIcons.ttf */ = {isa = PBXFileReference; explicitFileType = undefined; fileEncoding = 9; includeInIndex = 0; lastKnownFileType = unknown; name = MaterialIcons.ttf; path = "../node_modules/react-native-vector-icons/Fonts/MaterialIcons.ttf"; sourceTree = "<group>"; };
		6C590A2B493D46D096101442 /* Octicons.ttf */ = {isa = PBXFileReference; explicitFileType = undefined; fileEncoding = 9; includeInIndex = 0; lastKnownFileType = unknown; name = Octicons.ttf; path = "../node_modules/react-native-vector-icons/Fonts/Octicons.ttf"; sourceTree = "<group>"; };
		70A78F1BD06A5664EB11ECE9 /* Pods-defaults-BelshopQA.release.xcconfig */ = {isa = PBXFileReference; includeInIndex = 1; lastKnownFileType = text.xcconfig; name = "Pods-defaults-BelshopQA.release.xcconfig"; path = "Target Support Files/Pods-defaults-BelshopQA/Pods-defaults-BelshopQA.release.xcconfig"; sourceTree = "<group>"; };
		76CBBE01EB3466127AFF3C06 /* Pods-defaults-BelshopDev.release.xcconfig */ = {isa = PBXFileReference; includeInIndex = 1; lastKnownFileType = text.xcconfig; name = "Pods-defaults-BelshopDev.release.xcconfig"; path = "Target Support Files/Pods-defaults-BelshopDev/Pods-defaults-BelshopDev.release.xcconfig"; sourceTree = "<group>"; };
		7FD9127BD874E6CF057562B6 /* libPods-defaults-Belshop.a */ = {isa = PBXFileReference; explicitFileType = archive.ar; includeInIndex = 0; path = "libPods-defaults-Belshop.a"; sourceTree = BUILT_PRODUCTS_DIR; };
		81E1F0B6256F134E00888246 /* SplashScreen.storyboard */ = {isa = PBXFileReference; lastKnownFileType = file.storyboard; name = SplashScreen.storyboard; path = belshop/Images.xcassets/SplashScreen.storyboard; sourceTree = "<group>"; };
		8206B78C821536223A19E9D2 /* Pods-defaults-BelshopDev.debug.xcconfig */ = {isa = PBXFileReference; includeInIndex = 1; lastKnownFileType = text.xcconfig; name = "Pods-defaults-BelshopDev.debug.xcconfig"; path = "Target Support Files/Pods-defaults-BelshopDev/Pods-defaults-BelshopDev.debug.xcconfig"; sourceTree = "<group>"; };
		8995FD7C3916A9DA381BA0D5 /* libPods-defaults-BelshopDev.a */ = {isa = PBXFileReference; explicitFileType = archive.ar; includeInIndex = 0; path = "libPods-defaults-BelshopDev.a"; sourceTree = BUILT_PRODUCTS_DIR; };
		8B425285A0534DF5B2334AFC /* Entypo.ttf */ = {isa = PBXFileReference; explicitFileType = undefined; fileEncoding = 9; includeInIndex = 0; lastKnownFileType = unknown; name = Entypo.ttf; path = "../node_modules/react-native-vector-icons/Fonts/Entypo.ttf"; sourceTree = "<group>"; };
		98C7378EFE534A65627FBBAE /* Pods-defaults-BelshopQA.debug.xcconfig */ = {isa = PBXFileReference; includeInIndex = 1; lastKnownFileType = text.xcconfig; name = "Pods-defaults-BelshopQA.debug.xcconfig"; path = "Target Support Files/Pods-defaults-BelshopQA/Pods-defaults-BelshopQA.debug.xcconfig"; sourceTree = "<group>"; };
		9BED2614D58B4E8BB3ADA8B6 /* MaterialCommunityIcons.ttf */ = {isa = PBXFileReference; explicitFileType = undefined; fileEncoding = 9; includeInIndex = 0; lastKnownFileType = unknown; name = MaterialCommunityIcons.ttf; path = "../node_modules/react-native-vector-icons/Fonts/MaterialCommunityIcons.ttf"; sourceTree = "<group>"; };
		A5E08B449B1840F78C45F92B /* Ionicons.ttf */ = {isa = PBXFileReference; explicitFileType = undefined; fileEncoding = 9; includeInIndex = 0; lastKnownFileType = unknown; name = Ionicons.ttf; path = "../node_modules/react-native-vector-icons/Fonts/Ionicons.ttf"; sourceTree = "<group>"; };
		A9924A12075F0280E01AF813 /* Pods-defaults-BelshopStaging.debug.xcconfig */ = {isa = PBXFileReference; includeInIndex = 1; lastKnownFileType = text.xcconfig; name = "Pods-defaults-BelshopStaging.debug.xcconfig"; path = "Target Support Files/Pods-defaults-BelshopStaging/Pods-defaults-BelshopStaging.debug.xcconfig"; sourceTree = "<group>"; };
		B45A3FD34FFD47D4B4E4ED70 /* FontAwesome.ttf */ = {isa = PBXFileReference; explicitFileType = undefined; fileEncoding = 9; includeInIndex = 0; lastKnownFileType = unknown; name = FontAwesome.ttf; path = "../node_modules/react-native-vector-icons/Fonts/FontAwesome.ttf"; sourceTree = "<group>"; };
		B52540B0AC227DAA73E54FC0 /* Pods-defaults-Belshop.debug.xcconfig */ = {isa = PBXFileReference; includeInIndex = 1; lastKnownFileType = text.xcconfig; name = "Pods-defaults-Belshop.debug.xcconfig"; path = "Target Support Files/Pods-defaults-Belshop/Pods-defaults-Belshop.debug.xcconfig"; sourceTree = "<group>"; };
		BB0A3D28235A495400EAE732 /* Belshop QA.app */ = {isa = PBXFileReference; explicitFileType = wrapper.application; includeInIndex = 0; path = "Belshop QA.app"; sourceTree = BUILT_PRODUCTS_DIR; };
		BB0A3D40235A4EA300EAE732 /* Belshop Staging.app */ = {isa = PBXFileReference; explicitFileType = wrapper.application; includeInIndex = 0; path = "Belshop Staging.app"; sourceTree = BUILT_PRODUCTS_DIR; };
		BB0A3D53235A575200EAE732 /* Belshop Dev.app */ = {isa = PBXFileReference; explicitFileType = wrapper.application; includeInIndex = 0; path = "Belshop Dev.app"; sourceTree = BUILT_PRODUCTS_DIR; };
		C41ABFFC333DADE7AECAA33D /* Pods-defaults-Belshop.release.xcconfig */ = {isa = PBXFileReference; includeInIndex = 1; lastKnownFileType = text.xcconfig; name = "Pods-defaults-Belshop.release.xcconfig"; path = "Target Support Files/Pods-defaults-Belshop/Pods-defaults-Belshop.release.xcconfig"; sourceTree = "<group>"; };
		C70F6DCA25645F9F00ECD05C /* BelshopDev-Info.plist */ = {isa = PBXFileReference; fileEncoding = 4; lastKnownFileType = text.plist.xml; path = "BelshopDev-Info.plist"; sourceTree = "<group>"; };
		C70F6DD025645FAC00ECD05C /* BelshopQA-Info.plist */ = {isa = PBXFileReference; fileEncoding = 4; lastKnownFileType = text.plist.xml; path = "BelshopQA-Info.plist"; sourceTree = "<group>"; };
		C70F6DD625645FB500ECD05C /* BelshopStaging-Info.plist */ = {isa = PBXFileReference; fileEncoding = 4; lastKnownFileType = text.plist.xml; path = "BelshopStaging-Info.plist"; sourceTree = "<group>"; };
		C70F6E1D25648F3700ECD05C /* Inter.ttf */ = {isa = PBXFileReference; lastKnownFileType = file; name = Inter.ttf; path = assets/src/assets/fonts/Inter.ttf; sourceTree = "<group>"; };
		E354744DC3334B57AFCA5348 /* Foundation.ttf */ = {isa = PBXFileReference; explicitFileType = undefined; fileEncoding = 9; includeInIndex = 0; lastKnownFileType = unknown; name = Foundation.ttf; path = "../node_modules/react-native-vector-icons/Fonts/Foundation.ttf"; sourceTree = "<group>"; };
		E586B49D27C146A39BC28D1F /* Fontisto.ttf */ = {isa = PBXFileReference; explicitFileType = undefined; fileEncoding = 9; includeInIndex = 0; lastKnownFileType = unknown; name = Fontisto.ttf; path = "../node_modules/react-native-vector-icons/Fonts/Fontisto.ttf"; sourceTree = "<group>"; };
		EAAFF5CB0F6B4EE88610ED27 /* Zocial.ttf */ = {isa = PBXFileReference; explicitFileType = undefined; fileEncoding = 9; includeInIndex = 0; lastKnownFileType = unknown; name = Zocial.ttf; path = "../node_modules/react-native-vector-icons/Fonts/Zocial.ttf"; sourceTree = "<group>"; };
		EC5DB03D0A4E4C82A1B52173 /* FontAwesome5_Solid.ttf */ = {isa = PBXFileReference; explicitFileType = undefined; fileEncoding = 9; includeInIndex = 0; lastKnownFileType = unknown; name = FontAwesome5_Solid.ttf; path = "../node_modules/react-native-vector-icons/Fonts/FontAwesome5_Solid.ttf"; sourceTree = "<group>"; };
		ED297162215061F000B7C4FE /* JavaScriptCore.framework */ = {isa = PBXFileReference; lastKnownFileType = wrapper.framework; name = JavaScriptCore.framework; path = System/Library/Frameworks/JavaScriptCore.framework; sourceTree = SDKROOT; };
		ED2971642150620600B7C4FE /* JavaScriptCore.framework */ = {isa = PBXFileReference; lastKnownFileType = wrapper.framework; name = JavaScriptCore.framework; path = Platforms/AppleTVOS.platform/Developer/SDKs/AppleTVOS12.0.sdk/System/Library/Frameworks/JavaScriptCore.framework; sourceTree = DEVELOPER_DIR; };
		F2EC39BDA436443FAD2CB945 /* EvilIcons.ttf */ = {isa = PBXFileReference; explicitFileType = undefined; fileEncoding = 9; includeInIndex = 0; lastKnownFileType = unknown; name = EvilIcons.ttf; path = "../node_modules/react-native-vector-icons/Fonts/EvilIcons.ttf"; sourceTree = "<group>"; };
/* End PBXFileReference section */

/* Begin PBXFrameworksBuildPhase section */
		13B07F8C1A680F5B00A75B9A /* Frameworks */ = {
			isa = PBXFrameworksBuildPhase;
			buildActionMask = 2147483647;
			files = (
				6418B99FCAB24B4510540C18 /* libPods-defaults-Belshop.a in Frameworks */,
			);
			runOnlyForDeploymentPostprocessing = 0;
		};
		BB0A3D1D235A495400EAE732 /* Frameworks */ = {
			isa = PBXFrameworksBuildPhase;
			buildActionMask = 2147483647;
			files = (
				4C7A35AFFDFD92863BC64B1B /* libPods-defaults-BelshopQA.a in Frameworks */,
			);
			runOnlyForDeploymentPostprocessing = 0;
		};
		BB0A3D35235A4EA300EAE732 /* Frameworks */ = {
			isa = PBXFrameworksBuildPhase;
			buildActionMask = 2147483647;
			files = (
				C52653374B6AC7F3A46022C9 /* libPods-defaults-BelshopStaging.a in Frameworks */,
			);
			runOnlyForDeploymentPostprocessing = 0;
		};
		BB0A3D48235A575200EAE732 /* Frameworks */ = {
			isa = PBXFrameworksBuildPhase;
			buildActionMask = 2147483647;
			files = (
				8D64D591678AB4647302D2D0 /* libPods-defaults-BelshopDev.a in Frameworks */,
			);
			runOnlyForDeploymentPostprocessing = 0;
		};
/* End PBXFrameworksBuildPhase section */

/* Begin PBXGroup section */
		00E356EF1AD99517003FC87E /* BelshopTests */ = {
			isa = PBXGroup;
			children = (
				00E356F21AD99517003FC87E /* BelshopTests.m */,
				00E356F01AD99517003FC87E /* Supporting Files */,
			);
			path = BelshopTests;
			sourceTree = "<group>";
		};
		00E356F01AD99517003FC87E /* Supporting Files */ = {
			isa = PBXGroup;
			children = (
				00E356F11AD99517003FC87E /* Info.plist */,
			);
			name = "Supporting Files";
			sourceTree = "<group>";
		};
		13B07FAE1A68108700A75B9A /* Belshop */ = {
			isa = PBXGroup;
			children = (
				008F07F21AC5B25A0029DE68 /* main.jsbundle */,
				13B07FAF1A68108700A75B9A /* AppDelegate.h */,
				13B07FB01A68108700A75B9A /* AppDelegate.m */,
				13B07FB51A68108700A75B9A /* Images.xcassets */,
				13B07FB61A68108700A75B9A /* Info.plist */,
				13B07FB71A68108700A75B9A /* main.m */,
			);
			name = Belshop;
			sourceTree = "<group>";
		};
		2135D843F4D0A893FADA6607 /* Pods */ = {
			isa = PBXGroup;
			children = (
				B52540B0AC227DAA73E54FC0 /* Pods-defaults-Belshop.debug.xcconfig */,
				C41ABFFC333DADE7AECAA33D /* Pods-defaults-Belshop.release.xcconfig */,
				8206B78C821536223A19E9D2 /* Pods-defaults-BelshopDev.debug.xcconfig */,
				76CBBE01EB3466127AFF3C06 /* Pods-defaults-BelshopDev.release.xcconfig */,
				98C7378EFE534A65627FBBAE /* Pods-defaults-BelshopQA.debug.xcconfig */,
				70A78F1BD06A5664EB11ECE9 /* Pods-defaults-BelshopQA.release.xcconfig */,
				A9924A12075F0280E01AF813 /* Pods-defaults-BelshopStaging.debug.xcconfig */,
				4300913F5A52FA84550FC2DC /* Pods-defaults-BelshopStaging.release.xcconfig */,
			);
			path = Pods;
			sourceTree = "<group>";
		};
		2D16E6871FA4F8E400B85C8A /* Frameworks */ = {
			isa = PBXGroup;
			children = (
				ED297162215061F000B7C4FE /* JavaScriptCore.framework */,
				ED2971642150620600B7C4FE /* JavaScriptCore.framework */,
				7FD9127BD874E6CF057562B6 /* libPods-defaults-Belshop.a */,
				8995FD7C3916A9DA381BA0D5 /* libPods-defaults-BelshopDev.a */,
				1C47D66F1B5BAA705D516CEF /* libPods-defaults-BelshopQA.a */,
				4995CFC4CED1E7A850F64594 /* libPods-defaults-BelshopStaging.a */,
			);
			name = Frameworks;
			sourceTree = "<group>";
		};
		832341AE1AAA6A7D00B99B32 /* Libraries */ = {
			isa = PBXGroup;
			children = (
			);
			name = Libraries;
			sourceTree = "<group>";
		};
		83CBB9F61A601CBA00E9B192 = {
			isa = PBXGroup;
			children = (
				81E1F0B6256F134E00888246 /* SplashScreen.storyboard */,
				C70F6DD625645FB500ECD05C /* BelshopStaging-Info.plist */,
				C70F6DD025645FAC00ECD05C /* BelshopQA-Info.plist */,
				C70F6DCA25645F9F00ECD05C /* BelshopDev-Info.plist */,
				13B07FAE1A68108700A75B9A /* Belshop */,
				832341AE1AAA6A7D00B99B32 /* Libraries */,
				00E356EF1AD99517003FC87E /* BelshopTests */,
				83CBBA001A601CBA00E9B192 /* Products */,
				2D16E6871FA4F8E400B85C8A /* Frameworks */,
				2135D843F4D0A893FADA6607 /* Pods */,
				A40BD915231F0BF400FA1BE3 /* Recovered References */,
				C890217E88284461B1661633 /* Resources */,
			);
			indentWidth = 2;
			sourceTree = "<group>";
			tabWidth = 2;
			usesTabs = 0;
		};
		83CBBA001A601CBA00E9B192 /* Products */ = {
			isa = PBXGroup;
			children = (
				13B07F961A680F5B00A75B9A /* Belshop.app */,
				BB0A3D28235A495400EAE732 /* Belshop QA.app */,
				BB0A3D40235A4EA300EAE732 /* Belshop Staging.app */,
				BB0A3D53235A575200EAE732 /* Belshop Dev.app */,
			);
			name = Products;
			sourceTree = "<group>";
		};
		A40BD915231F0BF400FA1BE3 /* Recovered References */ = {
			isa = PBXGroup;
			children = (
			);
			name = "Recovered References";
			sourceTree = "<group>";
		};
		C890217E88284461B1661633 /* Resources */ = {
			isa = PBXGroup;
			children = (
				C70F6E1D25648F3700ECD05C /* Inter.ttf */,
				005D56A453CD4E8784716610 /* AntDesign.ttf */,
				8B425285A0534DF5B2334AFC /* Entypo.ttf */,
				F2EC39BDA436443FAD2CB945 /* EvilIcons.ttf */,
				30138ACD5D5F4725B73D6FD6 /* Feather.ttf */,
				B45A3FD34FFD47D4B4E4ED70 /* FontAwesome.ttf */,
				278B651D3F1A455F92EFB848 /* FontAwesome5_Brands.ttf */,
				49BBEFE9EC804EEBAB515F10 /* FontAwesome5_Regular.ttf */,
				EC5DB03D0A4E4C82A1B52173 /* FontAwesome5_Solid.ttf */,
				E586B49D27C146A39BC28D1F /* Fontisto.ttf */,
				E354744DC3334B57AFCA5348 /* Foundation.ttf */,
				A5E08B449B1840F78C45F92B /* Ionicons.ttf */,
				9BED2614D58B4E8BB3ADA8B6 /* MaterialCommunityIcons.ttf */,
				56E17666B6C541EE9B1787A8 /* MaterialIcons.ttf */,
				6C590A2B493D46D096101442 /* Octicons.ttf */,
				3E307BBC86E147C7A3BE6427 /* SimpleLineIcons.ttf */,
				EAAFF5CB0F6B4EE88610ED27 /* Zocial.ttf */,
			);
			name = Resources;
			sourceTree = "<group>";
		};
/* End PBXGroup section */

/* Begin PBXNativeTarget section */
		13B07F861A680F5B00A75B9A /* Belshop */ = {
			isa = PBXNativeTarget;
			buildConfigurationList = 13B07F931A680F5B00A75B9A /* Build configuration list for PBXNativeTarget "Belshop" */;
			buildPhases = (
				1424766054F8C48F05924A3F /* [CP] Check Pods Manifest.lock */,
				FD10A7F022414F080027D42C /* Start Packager */,
				13B07F871A680F5B00A75B9A /* Sources */,
				13B07F8C1A680F5B00A75B9A /* Frameworks */,
				A4355BD1238C353D002C5953 /* [RNFB] Google Service Configuration */,
				13B07F8E1A680F5B00A75B9A /* Resources */,
				00DD1BFF1BD5951E006B06BC /* Bundle React Native code and images */,
				C74A19AF22F9F04C00C05900 /* ShellScript */,
				A4355BD5238DC9A8002C5953 /* [RNFB] Core Configuration */,
			);
			buildRules = (
			);
			dependencies = (
			);
			name = Belshop;
			productName = Belshop;
			productReference = 13B07F961A680F5B00A75B9A /* Belshop.app */;
			productType = "com.apple.product-type.application";
		};
		BB0A3D17235A495400EAE732 /* BelshopQA */ = {
			isa = PBXNativeTarget;
			buildConfigurationList = BB0A3D25235A495400EAE732 /* Build configuration list for PBXNativeTarget "BelshopQA" */;
			buildPhases = (
				59A768ED07D6418656C76632 /* [CP] Check Pods Manifest.lock */,
				BB0A3D19235A495400EAE732 /* Start Packager */,
				BB0A3D1A235A495400EAE732 /* Sources */,
				BB0A3D1D235A495400EAE732 /* Frameworks */,
				A4355BD3238C3587002C5953 /* [RNFB] Google Service Configuration */,
				BB0A3D1F235A495400EAE732 /* Resources */,
				BB0A3D23235A495400EAE732 /* Bundle React Native code and images */,
				BB0A3D24235A495400EAE732 /* ShellScript */,
				A4355BD8238DCA67002C5953 /* [RNFB] Core Configuration */,
			);
			buildRules = (
			);
			dependencies = (
			);
			name = BelshopQA;
			productName = Belshop;
			productReference = BB0A3D28235A495400EAE732 /* Belshop QA.app */;
			productType = "com.apple.product-type.application";
		};
		BB0A3D2F235A4EA300EAE732 /* BelshopStaging */ = {
			isa = PBXNativeTarget;
			buildConfigurationList = BB0A3D3D235A4EA300EAE732 /* Build configuration list for PBXNativeTarget "BelshopStaging" */;
			buildPhases = (
				1E9E4CFF68FC0DA03CD7129B /* [CP] Check Pods Manifest.lock */,
				BB0A3D31235A4EA300EAE732 /* Start Packager */,
				BB0A3D32235A4EA300EAE732 /* Sources */,
				BB0A3D35235A4EA300EAE732 /* Frameworks */,
				A4355BD4238C359E002C5953 /* [RNFB] Google Service Configuration */,
				BB0A3D37235A4EA300EAE732 /* Resources */,
				BB0A3D3B235A4EA300EAE732 /* Bundle React Native code and images */,
				BB0A3D3C235A4EA300EAE732 /* ShellScript */,
				A4355BD9238DCA6C002C5953 /* [RNFB] Core Configuration */,
			);
			buildRules = (
			);
			dependencies = (
			);
			name = BelshopStaging;
			productName = Belshop;
			productReference = BB0A3D40235A4EA300EAE732 /* Belshop Staging.app */;
			productType = "com.apple.product-type.application";
		};
		BB0A3D42235A575200EAE732 /* BelshopDev */ = {
			isa = PBXNativeTarget;
			buildConfigurationList = BB0A3D50235A575200EAE732 /* Build configuration list for PBXNativeTarget "BelshopDev" */;
			buildPhases = (
				DCA0E0BFE85CC2D6259D6E4A /* [CP] Check Pods Manifest.lock */,
				BB0A3D44235A575200EAE732 /* Start Packager */,
				BB0A3D45235A575200EAE732 /* Sources */,
				BB0A3D48235A575200EAE732 /* Frameworks */,
				A4355BD2238C3573002C5953 /* [RNFB] Google Service Configuration */,
				BB0A3D4A235A575200EAE732 /* Resources */,
				BB0A3D4E235A575200EAE732 /* Bundle React Native code and images */,
				BB0A3D4F235A575200EAE732 /* ShellScript */,
				A4355BD7238DCA60002C5953 /* [RNFB] Core Configuration */,
			);
			buildRules = (
			);
			dependencies = (
			);
			name = BelshopDev;
			productName = Belshop;
			productReference = BB0A3D53235A575200EAE732 /* Belshop Dev.app */;
			productType = "com.apple.product-type.application";
		};
/* End PBXNativeTarget section */

/* Begin PBXProject section */
		83CBB9F71A601CBA00E9B192 /* Project object */ = {
			isa = PBXProject;
			attributes = {
				LastUpgradeCheck = 940;
				ORGANIZATIONNAME = Facebook;
				TargetAttributes = {
					13B07F861A680F5B00A75B9A = {
						DevelopmentTeam = MP67A7X2A3;
						ProvisioningStyle = Automatic;
						SystemCapabilities = {
							com.apple.ApplePay = {
								enabled = 1;
							};
							com.apple.BackgroundModes = {
								enabled = 1;
							};
							com.apple.Push = {
								enabled = 1;
							};
							com.apple.SafariKeychain = {
								enabled = 1;
							};
						};
					};
					BB0A3D17235A495400EAE732 = {
						DevelopmentTeam = MP67A7X2A3;
						ProvisioningStyle = Automatic;
					};
					BB0A3D2F235A4EA300EAE732 = {
						DevelopmentTeam = MP67A7X2A3;
					};
					BB0A3D42235A575200EAE732 = {
						DevelopmentTeam = MP67A7X2A3;
						ProvisioningStyle = Automatic;
						SystemCapabilities = {
							com.apple.SafariKeychain = {
								enabled = 1;
							};
						};
					};
				};
			};
			buildConfigurationList = 83CBB9FA1A601CBA00E9B192 /* Build configuration list for PBXProject "belshop" */;
			compatibilityVersion = "Xcode 3.2";
			developmentRegion = English;
			hasScannedForEncodings = 0;
			knownRegions = (
				English,
				en,
				Base,
			);
			mainGroup = 83CBB9F61A601CBA00E9B192;
			productRefGroup = 83CBBA001A601CBA00E9B192 /* Products */;
			projectDirPath = "";
			projectRoot = "";
			targets = (
				13B07F861A680F5B00A75B9A /* Belshop */,
				BB0A3D42235A575200EAE732 /* BelshopDev */,
				BB0A3D17235A495400EAE732 /* BelshopQA */,
				BB0A3D2F235A4EA300EAE732 /* BelshopStaging */,
			);
		};
/* End PBXProject section */

/* Begin PBXResourcesBuildPhase section */
		13B07F8E1A680F5B00A75B9A /* Resources */ = {
			isa = PBXResourcesBuildPhase;
			buildActionMask = 2147483647;
			files = (
				13B07FBF1A68108700A75B9A /* Images.xcassets in Resources */,
				C70F6E1E25648F3700ECD05C /* Inter.ttf in Resources */,
				7664B3F345934DA082D5E31B /* AntDesign.ttf in Resources */,
				261C8B642D4F471A9DD99B8A /* Entypo.ttf in Resources */,
				5F00AE7F2BCB49B0AE2A838C /* EvilIcons.ttf in Resources */,
				93BC986CEF86406F8213DDBB /* Feather.ttf in Resources */,
				CD91A3FB613E40F7B1F04398 /* FontAwesome.ttf in Resources */,
				8BA8A44DF5B6428EB94E453B /* FontAwesome5_Brands.ttf in Resources */,
				03B1F19E4C8D4A1AB1715A22 /* FontAwesome5_Regular.ttf in Resources */,
				3A07CCEC455C483C91961723 /* FontAwesome5_Solid.ttf in Resources */,
				091413F6FA604D6699017265 /* Fontisto.ttf in Resources */,
				81E1F0B7256F134E00888246 /* SplashScreen.storyboard in Resources */,
				24072B7298834C50A485E68E /* Foundation.ttf in Resources */,
				05894E10BC8C4A4DA4D78567 /* Ionicons.ttf in Resources */,
				1BE34485E4374293AF50A65B /* MaterialCommunityIcons.ttf in Resources */,
				3F61C322A3A04F2B9E4B7DBA /* MaterialIcons.ttf in Resources */,
				347BCD3A2BA44C56A8862D19 /* Octicons.ttf in Resources */,
				BC638D410B884BD7B1790B6B /* SimpleLineIcons.ttf in Resources */,
				2DC1EC63E71A47F58BDA726D /* Zocial.ttf in Resources */,
			);
			runOnlyForDeploymentPostprocessing = 0;
		};
		BB0A3D1F235A495400EAE732 /* Resources */ = {
			isa = PBXResourcesBuildPhase;
			buildActionMask = 2147483647;
			files = (
				C70F6DD125645FAD00ECD05C /* BelshopQA-Info.plist in Resources */,
				81E1F0B9256F134E00888246 /* SplashScreen.storyboard in Resources */,
				BB0A3D20235A495400EAE732 /* Images.xcassets in Resources */,
				C70F6E2025648F3700ECD05C /* Inter.ttf in Resources */,
			);
			runOnlyForDeploymentPostprocessing = 0;
		};
		BB0A3D37235A4EA300EAE732 /* Resources */ = {
			isa = PBXResourcesBuildPhase;
			buildActionMask = 2147483647;
			files = (
				BB0A3D38235A4EA300EAE732 /* Images.xcassets in Resources */,
				81E1F0BA256F134E00888246 /* SplashScreen.storyboard in Resources */,
				C70F6DD725645FB500ECD05C /* BelshopStaging-Info.plist in Resources */,
				C70F6E2125648F3700ECD05C /* Inter.ttf in Resources */,
			);
			runOnlyForDeploymentPostprocessing = 0;
		};
		BB0A3D4A235A575200EAE732 /* Resources */ = {
			isa = PBXResourcesBuildPhase;
			buildActionMask = 2147483647;
			files = (
				C70F6DCB25645F9F00ECD05C /* BelshopDev-Info.plist in Resources */,
				81E1F0B8256F134E00888246 /* SplashScreen.storyboard in Resources */,
				BB0A3D4B235A575200EAE732 /* Images.xcassets in Resources */,
				C70F6E1F25648F3700ECD05C /* Inter.ttf in Resources */,
			);
			runOnlyForDeploymentPostprocessing = 0;
		};
/* End PBXResourcesBuildPhase section */

/* Begin PBXShellScriptBuildPhase section */
		00DD1BFF1BD5951E006B06BC /* Bundle React Native code and images */ = {
			isa = PBXShellScriptBuildPhase;
			buildActionMask = 2147483647;
			files = (
			);
			inputPaths = (
			);
			name = "Bundle React Native code and images";
			outputPaths = (
			);
			runOnlyForDeploymentPostprocessing = 0;
			shellPath = /bin/bash;
			shellScript = "export NODE_BINARY=$(which node)\n../node_modules/react-native/scripts/react-native-xcode.sh\n";
		};
		1424766054F8C48F05924A3F /* [CP] Check Pods Manifest.lock */ = {
			isa = PBXShellScriptBuildPhase;
			buildActionMask = 2147483647;
			files = (
			);
			inputFileListPaths = (
			);
			inputPaths = (
				"${PODS_PODFILE_DIR_PATH}/Podfile.lock",
				"${PODS_ROOT}/Manifest.lock",
			);
			name = "[CP] Check Pods Manifest.lock";
			outputFileListPaths = (
			);
			outputPaths = (
				"$(DERIVED_FILE_DIR)/Pods-defaults-Belshop-checkManifestLockResult.txt",
			);
			runOnlyForDeploymentPostprocessing = 0;
			shellPath = /bin/sh;
			shellScript = "diff \"${PODS_PODFILE_DIR_PATH}/Podfile.lock\" \"${PODS_ROOT}/Manifest.lock\" > /dev/null\nif [ $? != 0 ] ; then\n    # print error to STDERR\n    echo \"error: The sandbox is not in sync with the Podfile.lock. Run 'pod install' or update your CocoaPods installation.\" >&2\n    exit 1\nfi\n# This output is used by Xcode 'outputs' to avoid re-running this script phase.\necho \"SUCCESS\" > \"${SCRIPT_OUTPUT_FILE_0}\"\n";
			showEnvVarsInLog = 0;
		};
		1E9E4CFF68FC0DA03CD7129B /* [CP] Check Pods Manifest.lock */ = {
			isa = PBXShellScriptBuildPhase;
			buildActionMask = 2147483647;
			files = (
			);
			inputFileListPaths = (
			);
			inputPaths = (
				"${PODS_PODFILE_DIR_PATH}/Podfile.lock",
				"${PODS_ROOT}/Manifest.lock",
			);
			name = "[CP] Check Pods Manifest.lock";
			outputFileListPaths = (
			);
			outputPaths = (
				"$(DERIVED_FILE_DIR)/Pods-defaults-BelshopStaging-checkManifestLockResult.txt",
			);
			runOnlyForDeploymentPostprocessing = 0;
			shellPath = /bin/sh;
			shellScript = "diff \"${PODS_PODFILE_DIR_PATH}/Podfile.lock\" \"${PODS_ROOT}/Manifest.lock\" > /dev/null\nif [ $? != 0 ] ; then\n    # print error to STDERR\n    echo \"error: The sandbox is not in sync with the Podfile.lock. Run 'pod install' or update your CocoaPods installation.\" >&2\n    exit 1\nfi\n# This output is used by Xcode 'outputs' to avoid re-running this script phase.\necho \"SUCCESS\" > \"${SCRIPT_OUTPUT_FILE_0}\"\n";
			showEnvVarsInLog = 0;
		};
		59A768ED07D6418656C76632 /* [CP] Check Pods Manifest.lock */ = {
			isa = PBXShellScriptBuildPhase;
			buildActionMask = 2147483647;
			files = (
			);
			inputFileListPaths = (
			);
			inputPaths = (
				"${PODS_PODFILE_DIR_PATH}/Podfile.lock",
				"${PODS_ROOT}/Manifest.lock",
			);
			name = "[CP] Check Pods Manifest.lock";
			outputFileListPaths = (
			);
			outputPaths = (
				"$(DERIVED_FILE_DIR)/Pods-defaults-BelshopQA-checkManifestLockResult.txt",
			);
			runOnlyForDeploymentPostprocessing = 0;
			shellPath = /bin/sh;
			shellScript = "diff \"${PODS_PODFILE_DIR_PATH}/Podfile.lock\" \"${PODS_ROOT}/Manifest.lock\" > /dev/null\nif [ $? != 0 ] ; then\n    # print error to STDERR\n    echo \"error: The sandbox is not in sync with the Podfile.lock. Run 'pod install' or update your CocoaPods installation.\" >&2\n    exit 1\nfi\n# This output is used by Xcode 'outputs' to avoid re-running this script phase.\necho \"SUCCESS\" > \"${SCRIPT_OUTPUT_FILE_0}\"\n";
			showEnvVarsInLog = 0;
		};
		A4355BD1238C353D002C5953 /* [RNFB] Google Service Configuration */ = {
			isa = PBXShellScriptBuildPhase;
			buildActionMask = 2147483647;
			files = (
			);
			inputFileListPaths = (
			);
			inputPaths = (
			);
			name = "[RNFB] Google Service Configuration";
			outputFileListPaths = (
			);
			outputPaths = (
			);
			runOnlyForDeploymentPostprocessing = 0;
			shellPath = /bin/sh;
			shellScript = "# Type a script or drag a script file from your workspace to insert its path.\nPATH_TO_GOOGLE_PLISTS=\"${PROJECT_DIR}/Firebase\"\n\ncp -r \"$PATH_TO_GOOGLE_PLISTS/GoogleService-Info-prod.plist\" \"${BUILT_PRODUCTS_DIR}/${PRODUCT_NAME}.app/GoogleService-Info.plist\"\n";
		};
		A4355BD2238C3573002C5953 /* [RNFB] Google Service Configuration */ = {
			isa = PBXShellScriptBuildPhase;
			buildActionMask = 2147483647;
			files = (
			);
			inputFileListPaths = (
			);
			inputPaths = (
			);
			name = "[RNFB] Google Service Configuration";
			outputFileListPaths = (
			);
			outputPaths = (
			);
			runOnlyForDeploymentPostprocessing = 0;
			shellPath = /bin/sh;
			shellScript = "# Type a script or drag a script file from your workspace to insert its path.\nPATH_TO_GOOGLE_PLISTS=\"${PROJECT_DIR}/Firebase\"\n\ncp -r \"$PATH_TO_GOOGLE_PLISTS/GoogleService-Info-dev.plist\" \"${BUILT_PRODUCTS_DIR}/${PRODUCT_NAME}.app/GoogleService-Info.plist\"\n";
		};
		A4355BD3238C3587002C5953 /* [RNFB] Google Service Configuration */ = {
			isa = PBXShellScriptBuildPhase;
			buildActionMask = 2147483647;
			files = (
			);
			inputFileListPaths = (
			);
			inputPaths = (
			);
			name = "[RNFB] Google Service Configuration";
			outputFileListPaths = (
			);
			outputPaths = (
			);
			runOnlyForDeploymentPostprocessing = 0;
			shellPath = /bin/sh;
			shellScript = "# Type a script or drag a script file from your workspace to insert its path.\nPATH_TO_GOOGLE_PLISTS=\"${PROJECT_DIR}/Firebase\"\n\ncp -r \"$PATH_TO_GOOGLE_PLISTS/GoogleService-Info-qa.plist\" \"${BUILT_PRODUCTS_DIR}/${PRODUCT_NAME}.app/GoogleService-Info.plist\"\n";
		};
		A4355BD4238C359E002C5953 /* [RNFB] Google Service Configuration */ = {
			isa = PBXShellScriptBuildPhase;
			buildActionMask = 2147483647;
			files = (
			);
			inputFileListPaths = (
			);
			inputPaths = (
			);
			name = "[RNFB] Google Service Configuration";
			outputFileListPaths = (
			);
			outputPaths = (
			);
			runOnlyForDeploymentPostprocessing = 0;
			shellPath = /bin/sh;
			shellScript = "# Type a script or drag a script file from your workspace to insert its path.\nPATH_TO_GOOGLE_PLISTS=\"${PROJECT_DIR}/Firebase\"\n\ncp -r \"$PATH_TO_GOOGLE_PLISTS/GoogleService-Info-staging.plist\" \"${BUILT_PRODUCTS_DIR}/${PRODUCT_NAME}.app/GoogleService-Info.plist\"\n";
		};
		A4355BD5238DC9A8002C5953 /* [RNFB] Core Configuration */ = {
			isa = PBXShellScriptBuildPhase;
			buildActionMask = 2147483647;
			files = (
			);
			inputFileListPaths = (
			);
			inputPaths = (
			);
			name = "[RNFB] Core Configuration";
			outputFileListPaths = (
			);
			outputPaths = (
			);
			runOnlyForDeploymentPostprocessing = 0;
			shellPath = /bin/sh;
			shellScript = "../src/ios_config.sh\n\n";
		};
		A4355BD7238DCA60002C5953 /* [RNFB] Core Configuration */ = {
			isa = PBXShellScriptBuildPhase;
			buildActionMask = 2147483647;
			files = (
			);
			inputFileListPaths = (
			);
			inputPaths = (
			);
			name = "[RNFB] Core Configuration";
			outputFileListPaths = (
			);
			outputPaths = (
			);
			runOnlyForDeploymentPostprocessing = 0;
			shellPath = /bin/sh;
			shellScript = "../src/ios_config.sh\n";
		};
		A4355BD8238DCA67002C5953 /* [RNFB] Core Configuration */ = {
			isa = PBXShellScriptBuildPhase;
			buildActionMask = 2147483647;
			files = (
			);
			inputFileListPaths = (
			);
			inputPaths = (
			);
			name = "[RNFB] Core Configuration";
			outputFileListPaths = (
			);
			outputPaths = (
			);
			runOnlyForDeploymentPostprocessing = 0;
			shellPath = /bin/sh;
			shellScript = "../src/ios_config.sh\n\n";
		};
		A4355BD9238DCA6C002C5953 /* [RNFB] Core Configuration */ = {
			isa = PBXShellScriptBuildPhase;
			buildActionMask = 2147483647;
			files = (
			);
			inputFileListPaths = (
			);
			inputPaths = (
			);
			name = "[RNFB] Core Configuration";
			outputFileListPaths = (
			);
			outputPaths = (
			);
			runOnlyForDeploymentPostprocessing = 0;
			shellPath = /bin/sh;
			shellScript = "../src/ios_config.sh\n\n";
		};
		BB0A3D19235A495400EAE732 /* Start Packager */ = {
			isa = PBXShellScriptBuildPhase;
			buildActionMask = 2147483647;
			files = (
			);
			inputFileListPaths = (
			);
			inputPaths = (
			);
			name = "Start Packager";
			outputFileListPaths = (
			);
			outputPaths = (
			);
			runOnlyForDeploymentPostprocessing = 0;
			shellPath = /bin/sh;
			shellScript = "export RCT_METRO_PORT=\"${RCT_METRO_PORT:=8081}\"\necho \"export RCT_METRO_PORT=${RCT_METRO_PORT}\" > \"${SRCROOT}/../node_modules/react-native/scripts/.packager.env\"\nif [ -z \"${RCT_NO_LAUNCH_PACKAGER+xxx}\" ] ; then\n  if nc -w 5 -z localhost ${RCT_METRO_PORT} ; then\n    if ! curl -s \"http://localhost:${RCT_METRO_PORT}/status\" | grep -q \"packager-status:running\" ; then\n      echo \"Port ${RCT_METRO_PORT} already in use, packager is either not running or not running correctly\"\n      exit 2\n    fi\n  else\n    open \"$SRCROOT/../node_modules/react-native/scripts/launchPackager.command\" || echo \"Can't start packager automatically\"\n  fi\nfi\n";
			showEnvVarsInLog = 0;
		};
		BB0A3D23235A495400EAE732 /* Bundle React Native code and images */ = {
			isa = PBXShellScriptBuildPhase;
			buildActionMask = 2147483647;
			files = (
			);
			inputPaths = (
			);
			name = "Bundle React Native code and images";
			outputPaths = (
			);
			runOnlyForDeploymentPostprocessing = 0;
			shellPath = /bin/sh;
			shellScript = "export NODE_BINARY=node\n../node_modules/react-native/scripts/react-native-xcode.sh\n";
		};
		BB0A3D24235A495400EAE732 /* ShellScript */ = {
			isa = PBXShellScriptBuildPhase;
			buildActionMask = 2147483647;
			files = (
			);
			inputFileListPaths = (
			);
			inputPaths = (
			);
			outputFileListPaths = (
			);
			outputPaths = (
			);
			runOnlyForDeploymentPostprocessing = 0;
			shellPath = /bin/sh;
			shellScript = "# Type a script or drag a script file from your workspace to insert its path.\n\"${PODS_ROOT}/Fabric/run\" bc3894ddd77aff34417da8787fb001c35eeb2201 68eef36a584723c0871802fa7670e2fed13a0e4626dca45e1554da1e3c9a0701\n";
		};
		BB0A3D31235A4EA300EAE732 /* Start Packager */ = {
			isa = PBXShellScriptBuildPhase;
			buildActionMask = 2147483647;
			files = (
			);
			inputFileListPaths = (
			);
			inputPaths = (
			);
			name = "Start Packager";
			outputFileListPaths = (
			);
			outputPaths = (
			);
			runOnlyForDeploymentPostprocessing = 0;
			shellPath = /bin/sh;
			shellScript = "export RCT_METRO_PORT=\"${RCT_METRO_PORT:=8081}\"\necho \"export RCT_METRO_PORT=${RCT_METRO_PORT}\" > \"${SRCROOT}/../node_modules/react-native/scripts/.packager.env\"\nif [ -z \"${RCT_NO_LAUNCH_PACKAGER+xxx}\" ] ; then\n  if nc -w 5 -z localhost ${RCT_METRO_PORT} ; then\n    if ! curl -s \"http://localhost:${RCT_METRO_PORT}/status\" | grep -q \"packager-status:running\" ; then\n      echo \"Port ${RCT_METRO_PORT} already in use, packager is either not running or not running correctly\"\n      exit 2\n    fi\n  else\n    open \"$SRCROOT/../node_modules/react-native/scripts/launchPackager.command\" || echo \"Can't start packager automatically\"\n  fi\nfi\n";
			showEnvVarsInLog = 0;
		};
		BB0A3D3B235A4EA300EAE732 /* Bundle React Native code and images */ = {
			isa = PBXShellScriptBuildPhase;
			buildActionMask = 2147483647;
			files = (
			);
			inputPaths = (
			);
			name = "Bundle React Native code and images";
			outputPaths = (
			);
			runOnlyForDeploymentPostprocessing = 0;
			shellPath = /bin/sh;
			shellScript = "export NODE_BINARY=node\n../node_modules/react-native/scripts/react-native-xcode.sh\n";
		};
		BB0A3D3C235A4EA300EAE732 /* ShellScript */ = {
			isa = PBXShellScriptBuildPhase;
			buildActionMask = 2147483647;
			files = (
			);
			inputFileListPaths = (
			);
			inputPaths = (
			);
			outputFileListPaths = (
			);
			outputPaths = (
			);
			runOnlyForDeploymentPostprocessing = 0;
			shellPath = /bin/sh;
			shellScript = "# Type a script or drag a script file from your workspace to insert its path.\n\"${PODS_ROOT}/Fabric/run\" bc3894ddd77aff34417da8787fb001c35eeb2201 68eef36a584723c0871802fa7670e2fed13a0e4626dca45e1554da1e3c9a0701\n";
		};
		BB0A3D44235A575200EAE732 /* Start Packager */ = {
			isa = PBXShellScriptBuildPhase;
			buildActionMask = 2147483647;
			files = (
			);
			inputFileListPaths = (
			);
			inputPaths = (
			);
			name = "Start Packager";
			outputFileListPaths = (
			);
			outputPaths = (
			);
			runOnlyForDeploymentPostprocessing = 0;
			shellPath = /bin/sh;
			shellScript = "export RCT_METRO_PORT=\"${RCT_METRO_PORT:=8081}\"\necho \"export RCT_METRO_PORT=${RCT_METRO_PORT}\" > \"${SRCROOT}/../node_modules/react-native/scripts/.packager.env\"\nif [ -z \"${RCT_NO_LAUNCH_PACKAGER+xxx}\" ] ; then\n  if nc -w 5 -z localhost ${RCT_METRO_PORT} ; then\n    if ! curl -s \"http://localhost:${RCT_METRO_PORT}/status\" | grep -q \"packager-status:running\" ; then\n      echo \"Port ${RCT_METRO_PORT} already in use, packager is either not running or not running correctly\"\n      exit 2\n    fi\n  else\n    open \"$SRCROOT/../node_modules/react-native/scripts/launchPackager.command\" || echo \"Can't start packager automatically\"\n  fi\nfi\n";
			showEnvVarsInLog = 0;
		};
		BB0A3D4E235A575200EAE732 /* Bundle React Native code and images */ = {
			isa = PBXShellScriptBuildPhase;
			buildActionMask = 2147483647;
			files = (
			);
			inputPaths = (
			);
			name = "Bundle React Native code and images";
			outputPaths = (
			);
			runOnlyForDeploymentPostprocessing = 0;
			shellPath = /bin/sh;
			shellScript = "export NODE_BINARY=node\n../node_modules/react-native/scripts/react-native-xcode.sh\n";
		};
		BB0A3D4F235A575200EAE732 /* ShellScript */ = {
			isa = PBXShellScriptBuildPhase;
			buildActionMask = 2147483647;
			files = (
			);
			inputFileListPaths = (
			);
			inputPaths = (
			);
			outputFileListPaths = (
			);
			outputPaths = (
			);
			runOnlyForDeploymentPostprocessing = 0;
			shellPath = /bin/sh;
			shellScript = "\n";
		};
		C74A19AF22F9F04C00C05900 /* ShellScript */ = {
			isa = PBXShellScriptBuildPhase;
			buildActionMask = 2147483647;
			files = (
			);
			inputFileListPaths = (
			);
			inputPaths = (
			);
			outputFileListPaths = (
			);
			outputPaths = (
			);
			runOnlyForDeploymentPostprocessing = 0;
			shellPath = /bin/sh;
			shellScript = "# Type a script or drag a script file from your workspace to insert its path.\n\"${PODS_ROOT}/Fabric/run\" bc3894ddd77aff34417da8787fb001c35eeb2201 68eef36a584723c0871802fa7670e2fed13a0e4626dca45e1554da1e3c9a0701\n";
		};
		DCA0E0BFE85CC2D6259D6E4A /* [CP] Check Pods Manifest.lock */ = {
			isa = PBXShellScriptBuildPhase;
			buildActionMask = 2147483647;
			files = (
			);
			inputFileListPaths = (
			);
			inputPaths = (
				"${PODS_PODFILE_DIR_PATH}/Podfile.lock",
				"${PODS_ROOT}/Manifest.lock",
			);
			name = "[CP] Check Pods Manifest.lock";
			outputFileListPaths = (
			);
			outputPaths = (
				"$(DERIVED_FILE_DIR)/Pods-defaults-BelshopDev-checkManifestLockResult.txt",
			);
			runOnlyForDeploymentPostprocessing = 0;
			shellPath = /bin/sh;
			shellScript = "diff \"${PODS_PODFILE_DIR_PATH}/Podfile.lock\" \"${PODS_ROOT}/Manifest.lock\" > /dev/null\nif [ $? != 0 ] ; then\n    # print error to STDERR\n    echo \"error: The sandbox is not in sync with the Podfile.lock. Run 'pod install' or update your CocoaPods installation.\" >&2\n    exit 1\nfi\n# This output is used by Xcode 'outputs' to avoid re-running this script phase.\necho \"SUCCESS\" > \"${SCRIPT_OUTPUT_FILE_0}\"\n";
			showEnvVarsInLog = 0;
		};
		FD10A7F022414F080027D42C /* Start Packager */ = {
			isa = PBXShellScriptBuildPhase;
			buildActionMask = 2147483647;
			files = (
			);
			inputFileListPaths = (
			);
			inputPaths = (
			);
			name = "Start Packager";
			outputFileListPaths = (
			);
			outputPaths = (
			);
			runOnlyForDeploymentPostprocessing = 0;
			shellPath = /bin/sh;
			shellScript = "export RCT_METRO_PORT=\"${RCT_METRO_PORT:=8081}\"\necho \"export RCT_METRO_PORT=${RCT_METRO_PORT}\" > \"${SRCROOT}/../node_modules/react-native/scripts/.packager.env\"\nif [ -z \"${RCT_NO_LAUNCH_PACKAGER+xxx}\" ] ; then\n  if nc -w 5 -z localhost ${RCT_METRO_PORT} ; then\n    if ! curl -s \"http://localhost:${RCT_METRO_PORT}/status\" | grep -q \"packager-status:running\" ; then\n      echo \"Port ${RCT_METRO_PORT} already in use, packager is either not running or not running correctly\"\n      exit 2\n    fi\n  else\n    open \"$SRCROOT/../node_modules/react-native/scripts/launchPackager.command\" || echo \"Can't start packager automatically\"\n  fi\nfi\n";
			showEnvVarsInLog = 0;
		};
/* End PBXShellScriptBuildPhase section */

/* Begin PBXSourcesBuildPhase section */
		13B07F871A680F5B00A75B9A /* Sources */ = {
			isa = PBXSourcesBuildPhase;
			buildActionMask = 2147483647;
			files = (
				13B07FBC1A68108700A75B9A /* AppDelegate.m in Sources */,
				13B07FC11A68108700A75B9A /* main.m in Sources */,
			);
			runOnlyForDeploymentPostprocessing = 0;
		};
		BB0A3D1A235A495400EAE732 /* Sources */ = {
			isa = PBXSourcesBuildPhase;
			buildActionMask = 2147483647;
			files = (
				BB0A3D1B235A495400EAE732 /* AppDelegate.m in Sources */,
				BB0A3D1C235A495400EAE732 /* main.m in Sources */,
			);
			runOnlyForDeploymentPostprocessing = 0;
		};
		BB0A3D32235A4EA300EAE732 /* Sources */ = {
			isa = PBXSourcesBuildPhase;
			buildActionMask = 2147483647;
			files = (
				BB0A3D33235A4EA300EAE732 /* AppDelegate.m in Sources */,
				BB0A3D34235A4EA300EAE732 /* main.m in Sources */,
			);
			runOnlyForDeploymentPostprocessing = 0;
		};
		BB0A3D45235A575200EAE732 /* Sources */ = {
			isa = PBXSourcesBuildPhase;
			buildActionMask = 2147483647;
			files = (
				BB0A3D46235A575200EAE732 /* AppDelegate.m in Sources */,
				BB0A3D47235A575200EAE732 /* main.m in Sources */,
			);
			runOnlyForDeploymentPostprocessing = 0;
		};
/* End PBXSourcesBuildPhase section */

/* Begin XCBuildConfiguration section */
		13B07F941A680F5B00A75B9A /* Debug */ = {
			isa = XCBuildConfiguration;
			baseConfigurationReference = B52540B0AC227DAA73E54FC0 /* Pods-defaults-Belshop.debug.xcconfig */;
			buildSettings = {
				ASSETCATALOG_COMPILER_APPICON_NAME = AppIcon;
				CODE_SIGN_ENTITLEMENTS = Belshop/Belshop.entitlements;
				CODE_SIGN_IDENTITY = "iPhone Developer";
				CODE_SIGN_STYLE = Automatic;
				CURRENT_PROJECT_ENV = PROD;
				CURRENT_PROJECT_VERSION = 1;
				DEAD_CODE_STRIPPING = NO;
				DEVELOPMENT_TEAM = MP67A7X2A3;
				HEADER_SEARCH_PATHS = (
					"$(inherited)",
					"\"${PODS_ROOT}/Headers/Public\"",
					"\"${PODS_ROOT}/Headers/Public/DoubleConversion\"",
					"\"${PODS_ROOT}/Headers/Public/FLAnimatedImage\"",
					"\"${PODS_ROOT}/Headers/Public/Firebase\"",
					"\"${PODS_ROOT}/Headers/Public/FirebaseCore\"",
					"\"${PODS_ROOT}/Headers/Public/FirebaseInstanceID\"",
					"\"${PODS_ROOT}/Headers/Public/GoogleUtilities\"",
					"\"${PODS_ROOT}/Headers/Public/RNCAsyncStorage\"",
					"\"${PODS_ROOT}/Headers/Public/RNFirebase\"",
					"\"${PODS_ROOT}/Headers/Public/RNGestureHandler\"",
					"\"${PODS_ROOT}/Headers/Public/React-Core\"",
					"\"${PODS_ROOT}/Headers/Public/React-DevSupport\"",
					"\"${PODS_ROOT}/Headers/Public/React-RCTActionSheet\"",
					"\"${PODS_ROOT}/Headers/Public/React-RCTAnimation\"",
					"\"${PODS_ROOT}/Headers/Public/React-RCTBlob\"",
					"\"${PODS_ROOT}/Headers/Public/React-RCTImage\"",
					"\"${PODS_ROOT}/Headers/Public/React-RCTLinking\"",
					"\"${PODS_ROOT}/Headers/Public/React-RCTNetwork\"",
					"\"${PODS_ROOT}/Headers/Public/React-RCTSettings\"",
					"\"${PODS_ROOT}/Headers/Public/React-RCTText\"",
					"\"${PODS_ROOT}/Headers/Public/React-RCTVibration\"",
					"\"${PODS_ROOT}/Headers/Public/React-RCTWebSocket\"",
					"\"${PODS_ROOT}/Headers/Public/React-cxxreact\"",
					"\"${PODS_ROOT}/Headers/Public/React-fishhook\"",
					"\"${PODS_ROOT}/Headers/Public/React-jsi\"",
					"\"${PODS_ROOT}/Headers/Public/React-jsiexecutor\"",
					"\"${PODS_ROOT}/Headers/Public/React-jsinspector\"",
					"\"${PODS_ROOT}/Headers/Public/ReactNativeFabric\"",
					"\"${PODS_ROOT}/Headers/Public/ReactNativeNavigation\"",
					"\"${PODS_ROOT}/Headers/Public/ReactNativePermissions\"",
					"\"${PODS_ROOT}/Headers/Public/SDWebImage\"",
					"\"${PODS_ROOT}/Headers/Public/glog\"",
					"\"${PODS_ROOT}/Headers/Public/libwebp\"",
					"\"${PODS_ROOT}/Headers/Public/nanopb\"",
					"\"${PODS_ROOT}/Headers/Public/react-native-fast-image\"",
					"\"${PODS_ROOT}/Headers/Public/react-native-onesignal\"",
					"\"${PODS_ROOT}/Headers/Public/react-native-splash-screen\"",
					"\"${PODS_ROOT}/Headers/Public/yoga\"",
					"$(inherited)",
					"${PODS_ROOT}/Firebase/CoreOnly/Sources",
					"$(SRCROOT)/../node_modules/react-native-splash-screen/ios",
				);
				INFOPLIST_FILE = "$(SRCROOT)/Belshop/Info.plist";
				LD_RUNPATH_SEARCH_PATHS = "$(inherited) @executable_path/Frameworks";
				MARKETING_VERSION = 1.0;
				OTHER_LDFLAGS = (
					"$(inherited)",
					"-ObjC",
					"-lc++",
				);
				PRODUCT_BUNDLE_IDENTIFIER = com.belshop.app;
				PRODUCT_NAME = Belshop;
				PROVISIONING_PROFILE_SPECIFIER = "";
				VERSIONING_SYSTEM = "apple-generic";
			};
			name = Debug;
		};
		13B07F951A680F5B00A75B9A /* Release */ = {
			isa = XCBuildConfiguration;
			baseConfigurationReference = C41ABFFC333DADE7AECAA33D /* Pods-defaults-Belshop.release.xcconfig */;
			buildSettings = {
				ASSETCATALOG_COMPILER_APPICON_NAME = AppIcon;
				CODE_SIGN_ENTITLEMENTS = Belshop/Belshop.entitlements;
				CODE_SIGN_IDENTITY = "iPhone Developer";
				CODE_SIGN_STYLE = Automatic;
				CURRENT_PROJECT_ENV = PROD;
				CURRENT_PROJECT_VERSION = 1;
				DEVELOPMENT_TEAM = MP67A7X2A3;
				HEADER_SEARCH_PATHS = (
					"$(inherited)",
					"\"${PODS_ROOT}/Headers/Public\"",
					"\"${PODS_ROOT}/Headers/Public/DoubleConversion\"",
					"\"${PODS_ROOT}/Headers/Public/FLAnimatedImage\"",
					"\"${PODS_ROOT}/Headers/Public/Firebase\"",
					"\"${PODS_ROOT}/Headers/Public/FirebaseCore\"",
					"\"${PODS_ROOT}/Headers/Public/FirebaseInstanceID\"",
					"\"${PODS_ROOT}/Headers/Public/GoogleUtilities\"",
					"\"${PODS_ROOT}/Headers/Public/RNCAsyncStorage\"",
					"\"${PODS_ROOT}/Headers/Public/RNFirebase\"",
					"\"${PODS_ROOT}/Headers/Public/RNGestureHandler\"",
					"\"${PODS_ROOT}/Headers/Public/React-Core\"",
					"\"${PODS_ROOT}/Headers/Public/React-DevSupport\"",
					"\"${PODS_ROOT}/Headers/Public/React-RCTActionSheet\"",
					"\"${PODS_ROOT}/Headers/Public/React-RCTAnimation\"",
					"\"${PODS_ROOT}/Headers/Public/React-RCTBlob\"",
					"\"${PODS_ROOT}/Headers/Public/React-RCTImage\"",
					"\"${PODS_ROOT}/Headers/Public/React-RCTLinking\"",
					"\"${PODS_ROOT}/Headers/Public/React-RCTNetwork\"",
					"\"${PODS_ROOT}/Headers/Public/React-RCTSettings\"",
					"\"${PODS_ROOT}/Headers/Public/React-RCTText\"",
					"\"${PODS_ROOT}/Headers/Public/React-RCTVibration\"",
					"\"${PODS_ROOT}/Headers/Public/React-RCTWebSocket\"",
					"\"${PODS_ROOT}/Headers/Public/React-cxxreact\"",
					"\"${PODS_ROOT}/Headers/Public/React-fishhook\"",
					"\"${PODS_ROOT}/Headers/Public/React-jsi\"",
					"\"${PODS_ROOT}/Headers/Public/React-jsiexecutor\"",
					"\"${PODS_ROOT}/Headers/Public/React-jsinspector\"",
					"\"${PODS_ROOT}/Headers/Public/ReactNativeFabric\"",
					"\"${PODS_ROOT}/Headers/Public/ReactNativeNavigation\"",
					"\"${PODS_ROOT}/Headers/Public/ReactNativePermissions\"",
					"\"${PODS_ROOT}/Headers/Public/SDWebImage\"",
					"\"${PODS_ROOT}/Headers/Public/glog\"",
					"\"${PODS_ROOT}/Headers/Public/libwebp\"",
					"\"${PODS_ROOT}/Headers/Public/nanopb\"",
					"\"${PODS_ROOT}/Headers/Public/react-native-fast-image\"",
					"\"${PODS_ROOT}/Headers/Public/react-native-onesignal\"",
					"\"${PODS_ROOT}/Headers/Public/react-native-splash-screen\"",
					"\"${PODS_ROOT}/Headers/Public/yoga\"",
					"$(inherited)",
					"${PODS_ROOT}/Firebase/CoreOnly/Sources",
					"$(SRCROOT)/../node_modules/react-native-splash-screen/ios",
				);
				INFOPLIST_FILE = "$(SRCROOT)/Belshop/Info.plist";
				LD_RUNPATH_SEARCH_PATHS = "$(inherited) @executable_path/Frameworks";
				MARKETING_VERSION = 1.0;
				OTHER_LDFLAGS = (
					"$(inherited)",
					"-ObjC",
					"-lc++",
				);
				PRODUCT_BUNDLE_IDENTIFIER = com.belshop.app;
				PRODUCT_NAME = Belshop;
				PROVISIONING_PROFILE_SPECIFIER = "";
				VERSIONING_SYSTEM = "apple-generic";
			};
			name = Release;
		};
		83CBBA201A601CBA00E9B192 /* Debug */ = {
			isa = XCBuildConfiguration;
			buildSettings = {
				ALWAYS_SEARCH_USER_PATHS = NO;
				CLANG_CXX_LANGUAGE_STANDARD = "gnu++0x";
				CLANG_CXX_LIBRARY = "libc++";
				CLANG_ENABLE_MODULES = YES;
				CLANG_ENABLE_OBJC_ARC = YES;
				CLANG_WARN_BLOCK_CAPTURE_AUTORELEASING = YES;
				CLANG_WARN_BOOL_CONVERSION = YES;
				CLANG_WARN_COMMA = YES;
				CLANG_WARN_CONSTANT_CONVERSION = YES;
				CLANG_WARN_DEPRECATED_OBJC_IMPLEMENTATIONS = YES;
				CLANG_WARN_DIRECT_OBJC_ISA_USAGE = YES_ERROR;
				CLANG_WARN_EMPTY_BODY = YES;
				CLANG_WARN_ENUM_CONVERSION = YES;
				CLANG_WARN_INFINITE_RECURSION = YES;
				CLANG_WARN_INT_CONVERSION = YES;
				CLANG_WARN_NON_LITERAL_NULL_CONVERSION = YES;
				CLANG_WARN_OBJC_IMPLICIT_RETAIN_SELF = YES;
				CLANG_WARN_OBJC_LITERAL_CONVERSION = YES;
				CLANG_WARN_OBJC_ROOT_CLASS = YES_ERROR;
				CLANG_WARN_RANGE_LOOP_ANALYSIS = YES;
				CLANG_WARN_STRICT_PROTOTYPES = YES;
				CLANG_WARN_SUSPICIOUS_MOVE = YES;
				CLANG_WARN_UNREACHABLE_CODE = YES;
				CLANG_WARN__DUPLICATE_METHOD_MATCH = YES;
				"CODE_SIGN_IDENTITY[sdk=iphoneos*]" = "iPhone Developer";
				COPY_PHASE_STRIP = NO;
				ENABLE_STRICT_OBJC_MSGSEND = YES;
				ENABLE_TESTABILITY = YES;
				GCC_C_LANGUAGE_STANDARD = gnu99;
				GCC_DYNAMIC_NO_PIC = NO;
				GCC_NO_COMMON_BLOCKS = YES;
				GCC_OPTIMIZATION_LEVEL = 0;
				GCC_PREPROCESSOR_DEFINITIONS = (
					"DEBUG=1",
					"$(inherited)",
				);
				GCC_SYMBOLS_PRIVATE_EXTERN = NO;
				GCC_WARN_64_TO_32_BIT_CONVERSION = YES;
				GCC_WARN_ABOUT_RETURN_TYPE = YES_ERROR;
				GCC_WARN_UNDECLARED_SELECTOR = YES;
				GCC_WARN_UNINITIALIZED_AUTOS = YES_AGGRESSIVE;
				GCC_WARN_UNUSED_FUNCTION = YES;
				GCC_WARN_UNUSED_VARIABLE = YES;
				IPHONEOS_DEPLOYMENT_TARGET = 10.3;
				MTL_ENABLE_DEBUG_INFO = YES;
				ONLY_ACTIVE_ARCH = YES;
				SDKROOT = iphoneos;
			};
			name = Debug;
		};
		83CBBA211A601CBA00E9B192 /* Release */ = {
			isa = XCBuildConfiguration;
			buildSettings = {
				ALWAYS_SEARCH_USER_PATHS = NO;
				CLANG_CXX_LANGUAGE_STANDARD = "gnu++0x";
				CLANG_CXX_LIBRARY = "libc++";
				CLANG_ENABLE_MODULES = YES;
				CLANG_ENABLE_OBJC_ARC = YES;
				CLANG_WARN_BLOCK_CAPTURE_AUTORELEASING = YES;
				CLANG_WARN_BOOL_CONVERSION = YES;
				CLANG_WARN_COMMA = YES;
				CLANG_WARN_CONSTANT_CONVERSION = YES;
				CLANG_WARN_DEPRECATED_OBJC_IMPLEMENTATIONS = YES;
				CLANG_WARN_DIRECT_OBJC_ISA_USAGE = YES_ERROR;
				CLANG_WARN_EMPTY_BODY = YES;
				CLANG_WARN_ENUM_CONVERSION = YES;
				CLANG_WARN_INFINITE_RECURSION = YES;
				CLANG_WARN_INT_CONVERSION = YES;
				CLANG_WARN_NON_LITERAL_NULL_CONVERSION = YES;
				CLANG_WARN_OBJC_IMPLICIT_RETAIN_SELF = YES;
				CLANG_WARN_OBJC_LITERAL_CONVERSION = YES;
				CLANG_WARN_OBJC_ROOT_CLASS = YES_ERROR;
				CLANG_WARN_RANGE_LOOP_ANALYSIS = YES;
				CLANG_WARN_STRICT_PROTOTYPES = YES;
				CLANG_WARN_SUSPICIOUS_MOVE = YES;
				CLANG_WARN_UNREACHABLE_CODE = YES;
				CLANG_WARN__DUPLICATE_METHOD_MATCH = YES;
				"CODE_SIGN_IDENTITY[sdk=iphoneos*]" = "iPhone Developer";
				COPY_PHASE_STRIP = YES;
				ENABLE_NS_ASSERTIONS = NO;
				ENABLE_STRICT_OBJC_MSGSEND = YES;
				GCC_C_LANGUAGE_STANDARD = gnu99;
				GCC_NO_COMMON_BLOCKS = YES;
				GCC_WARN_64_TO_32_BIT_CONVERSION = YES;
				GCC_WARN_ABOUT_RETURN_TYPE = YES_ERROR;
				GCC_WARN_UNDECLARED_SELECTOR = YES;
				GCC_WARN_UNINITIALIZED_AUTOS = YES_AGGRESSIVE;
				GCC_WARN_UNUSED_FUNCTION = YES;
				GCC_WARN_UNUSED_VARIABLE = YES;
				IPHONEOS_DEPLOYMENT_TARGET = 10.3;
				MTL_ENABLE_DEBUG_INFO = NO;
				SDKROOT = iphoneos;
				VALIDATE_PRODUCT = YES;
			};
			name = Release;
		};
		BB0A3D26235A495400EAE732 /* Debug */ = {
			isa = XCBuildConfiguration;
			baseConfigurationReference = 98C7378EFE534A65627FBBAE /* Pods-defaults-BelshopQA.debug.xcconfig */;
			buildSettings = {
				ASSETCATALOG_COMPILER_APPICON_NAME = QA;
				CODE_SIGN_ENTITLEMENTS = Belshop/Belshop.entitlements;
				CODE_SIGN_IDENTITY = "iPhone Developer";
				CODE_SIGN_STYLE = Automatic;
				CURRENT_PROJECT_ENV = QA;
				CURRENT_PROJECT_VERSION = 10;
				DEAD_CODE_STRIPPING = NO;
				DEVELOPMENT_TEAM = MP67A7X2A3;
				HEADER_SEARCH_PATHS = (
					"$(inherited)",
					"\"${PODS_ROOT}/Headers/Public\"",
					"\"${PODS_ROOT}/Headers/Public/DoubleConversion\"",
					"\"${PODS_ROOT}/Headers/Public/FLAnimatedImage\"",
					"\"${PODS_ROOT}/Headers/Public/Firebase\"",
					"\"${PODS_ROOT}/Headers/Public/FirebaseCore\"",
					"\"${PODS_ROOT}/Headers/Public/FirebaseInstanceID\"",
					"\"${PODS_ROOT}/Headers/Public/GoogleUtilities\"",
					"\"${PODS_ROOT}/Headers/Public/RNCAsyncStorage\"",
					"\"${PODS_ROOT}/Headers/Public/RNFirebase\"",
					"\"${PODS_ROOT}/Headers/Public/RNGestureHandler\"",
					"\"${PODS_ROOT}/Headers/Public/React-Core\"",
					"\"${PODS_ROOT}/Headers/Public/React-DevSupport\"",
					"\"${PODS_ROOT}/Headers/Public/React-RCTActionSheet\"",
					"\"${PODS_ROOT}/Headers/Public/React-RCTAnimation\"",
					"\"${PODS_ROOT}/Headers/Public/React-RCTBlob\"",
					"\"${PODS_ROOT}/Headers/Public/React-RCTImage\"",
					"\"${PODS_ROOT}/Headers/Public/React-RCTLinking\"",
					"\"${PODS_ROOT}/Headers/Public/React-RCTNetwork\"",
					"\"${PODS_ROOT}/Headers/Public/React-RCTSettings\"",
					"\"${PODS_ROOT}/Headers/Public/React-RCTText\"",
					"\"${PODS_ROOT}/Headers/Public/React-RCTVibration\"",
					"\"${PODS_ROOT}/Headers/Public/React-RCTWebSocket\"",
					"\"${PODS_ROOT}/Headers/Public/React-cxxreact\"",
					"\"${PODS_ROOT}/Headers/Public/React-fishhook\"",
					"\"${PODS_ROOT}/Headers/Public/React-jsi\"",
					"\"${PODS_ROOT}/Headers/Public/React-jsiexecutor\"",
					"\"${PODS_ROOT}/Headers/Public/React-jsinspector\"",
					"\"${PODS_ROOT}/Headers/Public/ReactNativeFabric\"",
					"\"${PODS_ROOT}/Headers/Public/ReactNativeNavigation\"",
					"\"${PODS_ROOT}/Headers/Public/ReactNativePermissions\"",
					"\"${PODS_ROOT}/Headers/Public/SDWebImage\"",
					"\"${PODS_ROOT}/Headers/Public/glog\"",
					"\"${PODS_ROOT}/Headers/Public/libwebp\"",
					"\"${PODS_ROOT}/Headers/Public/nanopb\"",
					"\"${PODS_ROOT}/Headers/Public/react-native-fast-image\"",
					"\"${PODS_ROOT}/Headers/Public/react-native-onesignal\"",
					"\"${PODS_ROOT}/Headers/Public/react-native-splash-screen\"",
					"\"${PODS_ROOT}/Headers/Public/yoga\"",
					"$(inherited)",
					"${PODS_ROOT}/Firebase/CoreOnly/Sources",
					"$(SRCROOT)/../node_modules/react-native-splash-screen/ios",
				);
				INFOPLIST_FILE = "BelshopQA-Info.plist";
				LD_RUNPATH_SEARCH_PATHS = "$(inherited) @executable_path/Frameworks";
				MARKETING_VERSION = 1.0;
				OTHER_LDFLAGS = (
					"$(inherited)",
					"-ObjC",
					"-lc++",
				);
				PRODUCT_BUNDLE_IDENTIFIER = com.belshop.qa;
				PRODUCT_NAME = "Belshop QA";
				PROVISIONING_PROFILE_SPECIFIER = "";
				VERSIONING_SYSTEM = "apple-generic";
			};
			name = Debug;
		};
		BB0A3D27235A495400EAE732 /* Release */ = {
			isa = XCBuildConfiguration;
			baseConfigurationReference = 70A78F1BD06A5664EB11ECE9 /* Pods-defaults-BelshopQA.release.xcconfig */;
			buildSettings = {
				ASSETCATALOG_COMPILER_APPICON_NAME = QA;
				CODE_SIGN_ENTITLEMENTS = Belshop/Belshop.entitlements;
				CODE_SIGN_IDENTITY = "iPhone Developer";
				CODE_SIGN_STYLE = Automatic;
				CURRENT_PROJECT_ENV = QA;
				CURRENT_PROJECT_VERSION = 10;
				DEVELOPMENT_TEAM = MP67A7X2A3;
				HEADER_SEARCH_PATHS = (
					"$(inherited)",
					"\"${PODS_ROOT}/Headers/Public\"",
					"\"${PODS_ROOT}/Headers/Public/DoubleConversion\"",
					"\"${PODS_ROOT}/Headers/Public/FLAnimatedImage\"",
					"\"${PODS_ROOT}/Headers/Public/Firebase\"",
					"\"${PODS_ROOT}/Headers/Public/FirebaseCore\"",
					"\"${PODS_ROOT}/Headers/Public/FirebaseInstanceID\"",
					"\"${PODS_ROOT}/Headers/Public/GoogleUtilities\"",
					"\"${PODS_ROOT}/Headers/Public/RNCAsyncStorage\"",
					"\"${PODS_ROOT}/Headers/Public/RNFirebase\"",
					"\"${PODS_ROOT}/Headers/Public/RNGestureHandler\"",
					"\"${PODS_ROOT}/Headers/Public/React-Core\"",
					"\"${PODS_ROOT}/Headers/Public/React-DevSupport\"",
					"\"${PODS_ROOT}/Headers/Public/React-RCTActionSheet\"",
					"\"${PODS_ROOT}/Headers/Public/React-RCTAnimation\"",
					"\"${PODS_ROOT}/Headers/Public/React-RCTBlob\"",
					"\"${PODS_ROOT}/Headers/Public/React-RCTImage\"",
					"\"${PODS_ROOT}/Headers/Public/React-RCTLinking\"",
					"\"${PODS_ROOT}/Headers/Public/React-RCTNetwork\"",
					"\"${PODS_ROOT}/Headers/Public/React-RCTSettings\"",
					"\"${PODS_ROOT}/Headers/Public/React-RCTText\"",
					"\"${PODS_ROOT}/Headers/Public/React-RCTVibration\"",
					"\"${PODS_ROOT}/Headers/Public/React-RCTWebSocket\"",
					"\"${PODS_ROOT}/Headers/Public/React-cxxreact\"",
					"\"${PODS_ROOT}/Headers/Public/React-fishhook\"",
					"\"${PODS_ROOT}/Headers/Public/React-jsi\"",
					"\"${PODS_ROOT}/Headers/Public/React-jsiexecutor\"",
					"\"${PODS_ROOT}/Headers/Public/React-jsinspector\"",
					"\"${PODS_ROOT}/Headers/Public/ReactNativeFabric\"",
					"\"${PODS_ROOT}/Headers/Public/ReactNativeNavigation\"",
					"\"${PODS_ROOT}/Headers/Public/ReactNativePermissions\"",
					"\"${PODS_ROOT}/Headers/Public/SDWebImage\"",
					"\"${PODS_ROOT}/Headers/Public/glog\"",
					"\"${PODS_ROOT}/Headers/Public/libwebp\"",
					"\"${PODS_ROOT}/Headers/Public/nanopb\"",
					"\"${PODS_ROOT}/Headers/Public/react-native-fast-image\"",
					"\"${PODS_ROOT}/Headers/Public/react-native-onesignal\"",
					"\"${PODS_ROOT}/Headers/Public/react-native-splash-screen\"",
					"\"${PODS_ROOT}/Headers/Public/yoga\"",
					"$(inherited)",
					"${PODS_ROOT}/Firebase/CoreOnly/Sources",
					"$(SRCROOT)/../node_modules/react-native-splash-screen/ios",
				);
				INFOPLIST_FILE = "BelshopQA-Info.plist";
				LD_RUNPATH_SEARCH_PATHS = "$(inherited) @executable_path/Frameworks";
				MARKETING_VERSION = 1.0;
				OTHER_LDFLAGS = (
					"$(inherited)",
					"-ObjC",
					"-lc++",
				);
				PRODUCT_BUNDLE_IDENTIFIER = com.belshop.qa;
				PRODUCT_NAME = "Belshop QA";
				PROVISIONING_PROFILE_SPECIFIER = "";
				VERSIONING_SYSTEM = "apple-generic";
			};
			name = Release;
		};
		BB0A3D3E235A4EA300EAE732 /* Debug */ = {
			isa = XCBuildConfiguration;
			baseConfigurationReference = A9924A12075F0280E01AF813 /* Pods-defaults-BelshopStaging.debug.xcconfig */;
			buildSettings = {
				ASSETCATALOG_COMPILER_APPICON_NAME = STAGING;
				CODE_SIGN_ENTITLEMENTS = Belshop/Belshop.entitlements;
				CURRENT_PROJECT_ENV = STAGING;
				CURRENT_PROJECT_VERSION = 1;
				DEAD_CODE_STRIPPING = NO;
				DEVELOPMENT_TEAM = MP67A7X2A3;
				HEADER_SEARCH_PATHS = (
					"$(inherited)",
					"\"${PODS_ROOT}/Headers/Public\"",
					"\"${PODS_ROOT}/Headers/Public/DoubleConversion\"",
					"\"${PODS_ROOT}/Headers/Public/FLAnimatedImage\"",
					"\"${PODS_ROOT}/Headers/Public/Firebase\"",
					"\"${PODS_ROOT}/Headers/Public/FirebaseCore\"",
					"\"${PODS_ROOT}/Headers/Public/FirebaseInstanceID\"",
					"\"${PODS_ROOT}/Headers/Public/GoogleUtilities\"",
					"\"${PODS_ROOT}/Headers/Public/RNCAsyncStorage\"",
					"\"${PODS_ROOT}/Headers/Public/RNFirebase\"",
					"\"${PODS_ROOT}/Headers/Public/RNGestureHandler\"",
					"\"${PODS_ROOT}/Headers/Public/React-Core\"",
					"\"${PODS_ROOT}/Headers/Public/React-DevSupport\"",
					"\"${PODS_ROOT}/Headers/Public/React-RCTActionSheet\"",
					"\"${PODS_ROOT}/Headers/Public/React-RCTAnimation\"",
					"\"${PODS_ROOT}/Headers/Public/React-RCTBlob\"",
					"\"${PODS_ROOT}/Headers/Public/React-RCTImage\"",
					"\"${PODS_ROOT}/Headers/Public/React-RCTLinking\"",
					"\"${PODS_ROOT}/Headers/Public/React-RCTNetwork\"",
					"\"${PODS_ROOT}/Headers/Public/React-RCTSettings\"",
					"\"${PODS_ROOT}/Headers/Public/React-RCTText\"",
					"\"${PODS_ROOT}/Headers/Public/React-RCTVibration\"",
					"\"${PODS_ROOT}/Headers/Public/React-RCTWebSocket\"",
					"\"${PODS_ROOT}/Headers/Public/React-cxxreact\"",
					"\"${PODS_ROOT}/Headers/Public/React-fishhook\"",
					"\"${PODS_ROOT}/Headers/Public/React-jsi\"",
					"\"${PODS_ROOT}/Headers/Public/React-jsiexecutor\"",
					"\"${PODS_ROOT}/Headers/Public/React-jsinspector\"",
					"\"${PODS_ROOT}/Headers/Public/ReactNativeFabric\"",
					"\"${PODS_ROOT}/Headers/Public/ReactNativeNavigation\"",
					"\"${PODS_ROOT}/Headers/Public/ReactNativePermissions\"",
					"\"${PODS_ROOT}/Headers/Public/SDWebImage\"",
					"\"${PODS_ROOT}/Headers/Public/glog\"",
					"\"${PODS_ROOT}/Headers/Public/libwebp\"",
					"\"${PODS_ROOT}/Headers/Public/nanopb\"",
					"\"${PODS_ROOT}/Headers/Public/react-native-fast-image\"",
					"\"${PODS_ROOT}/Headers/Public/react-native-onesignal\"",
					"\"${PODS_ROOT}/Headers/Public/react-native-splash-screen\"",
					"\"${PODS_ROOT}/Headers/Public/yoga\"",
					"$(inherited)",
					"${PODS_ROOT}/Firebase/CoreOnly/Sources",
					"$(SRCROOT)/../node_modules/react-native-splash-screen/ios",
				);
				INFOPLIST_FILE = "BelshopStaging-Info.plist";
				LD_RUNPATH_SEARCH_PATHS = "$(inherited) @executable_path/Frameworks";
				MARKETING_VERSION = 1.0;
				OTHER_LDFLAGS = (
					"$(inherited)",
					"-ObjC",
					"-lc++",
				);
				PRODUCT_BUNDLE_IDENTIFIER = com.belshop.staging;
				PRODUCT_NAME = "Belshop Staging";
				VERSIONING_SYSTEM = "apple-generic";
			};
			name = Debug;
		};
		BB0A3D3F235A4EA300EAE732 /* Release */ = {
			isa = XCBuildConfiguration;
			baseConfigurationReference = 4300913F5A52FA84550FC2DC /* Pods-defaults-BelshopStaging.release.xcconfig */;
			buildSettings = {
				ASSETCATALOG_COMPILER_APPICON_NAME = STAGING;
				CODE_SIGN_ENTITLEMENTS = Belshop/Belshop.entitlements;
				CURRENT_PROJECT_ENV = STAGING;
				CURRENT_PROJECT_VERSION = 1;
				DEVELOPMENT_TEAM = MP67A7X2A3;
				HEADER_SEARCH_PATHS = (
					"$(inherited)",
					"\"${PODS_ROOT}/Headers/Public\"",
					"\"${PODS_ROOT}/Headers/Public/DoubleConversion\"",
					"\"${PODS_ROOT}/Headers/Public/FLAnimatedImage\"",
					"\"${PODS_ROOT}/Headers/Public/Firebase\"",
					"\"${PODS_ROOT}/Headers/Public/FirebaseCore\"",
					"\"${PODS_ROOT}/Headers/Public/FirebaseInstanceID\"",
					"\"${PODS_ROOT}/Headers/Public/GoogleUtilities\"",
					"\"${PODS_ROOT}/Headers/Public/RNCAsyncStorage\"",
					"\"${PODS_ROOT}/Headers/Public/RNFirebase\"",
					"\"${PODS_ROOT}/Headers/Public/RNGestureHandler\"",
					"\"${PODS_ROOT}/Headers/Public/React-Core\"",
					"\"${PODS_ROOT}/Headers/Public/React-DevSupport\"",
					"\"${PODS_ROOT}/Headers/Public/React-RCTActionSheet\"",
					"\"${PODS_ROOT}/Headers/Public/React-RCTAnimation\"",
					"\"${PODS_ROOT}/Headers/Public/React-RCTBlob\"",
					"\"${PODS_ROOT}/Headers/Public/React-RCTImage\"",
					"\"${PODS_ROOT}/Headers/Public/React-RCTLinking\"",
					"\"${PODS_ROOT}/Headers/Public/React-RCTNetwork\"",
					"\"${PODS_ROOT}/Headers/Public/React-RCTSettings\"",
					"\"${PODS_ROOT}/Headers/Public/React-RCTText\"",
					"\"${PODS_ROOT}/Headers/Public/React-RCTVibration\"",
					"\"${PODS_ROOT}/Headers/Public/React-RCTWebSocket\"",
					"\"${PODS_ROOT}/Headers/Public/React-cxxreact\"",
					"\"${PODS_ROOT}/Headers/Public/React-fishhook\"",
					"\"${PODS_ROOT}/Headers/Public/React-jsi\"",
					"\"${PODS_ROOT}/Headers/Public/React-jsiexecutor\"",
					"\"${PODS_ROOT}/Headers/Public/React-jsinspector\"",
					"\"${PODS_ROOT}/Headers/Public/ReactNativeFabric\"",
					"\"${PODS_ROOT}/Headers/Public/ReactNativeNavigation\"",
					"\"${PODS_ROOT}/Headers/Public/ReactNativePermissions\"",
					"\"${PODS_ROOT}/Headers/Public/SDWebImage\"",
					"\"${PODS_ROOT}/Headers/Public/glog\"",
					"\"${PODS_ROOT}/Headers/Public/libwebp\"",
					"\"${PODS_ROOT}/Headers/Public/nanopb\"",
					"\"${PODS_ROOT}/Headers/Public/react-native-fast-image\"",
					"\"${PODS_ROOT}/Headers/Public/react-native-onesignal\"",
					"\"${PODS_ROOT}/Headers/Public/react-native-splash-screen\"",
					"\"${PODS_ROOT}/Headers/Public/yoga\"",
					"$(inherited)",
					"${PODS_ROOT}/Firebase/CoreOnly/Sources",
					"$(SRCROOT)/../node_modules/react-native-splash-screen/ios",
				);
				INFOPLIST_FILE = "BelshopStaging-Info.plist";
				LD_RUNPATH_SEARCH_PATHS = "$(inherited) @executable_path/Frameworks";
				MARKETING_VERSION = 1.0;
				OTHER_LDFLAGS = (
					"$(inherited)",
					"-ObjC",
					"-lc++",
				);
				PRODUCT_BUNDLE_IDENTIFIER = com.belshop.staging;
				PRODUCT_NAME = "Belshop Staging";
				VERSIONING_SYSTEM = "apple-generic";
			};
			name = Release;
		};
		BB0A3D51235A575200EAE732 /* Debug */ = {
			isa = XCBuildConfiguration;
			baseConfigurationReference = 8206B78C821536223A19E9D2 /* Pods-defaults-BelshopDev.debug.xcconfig */;
			buildSettings = {
				ASSETCATALOG_COMPILER_APPICON_NAME = DEV;
				CODE_SIGN_ENTITLEMENTS = Belshop/Belshop.entitlements;
				CODE_SIGN_IDENTITY = "iPhone Developer";
				CODE_SIGN_STYLE = Automatic;
				CURRENT_PROJECT_ENV = DEV;
				CURRENT_PROJECT_VERSION = 41;
				DEAD_CODE_STRIPPING = NO;
				DEVELOPMENT_TEAM = MP67A7X2A3;
				HEADER_SEARCH_PATHS = (
					"$(inherited)",
					"\"${PODS_ROOT}/Headers/Public\"",
					"\"${PODS_ROOT}/Headers/Public/DoubleConversion\"",
					"\"${PODS_ROOT}/Headers/Public/FLAnimatedImage\"",
					"\"${PODS_ROOT}/Headers/Public/Firebase\"",
					"\"${PODS_ROOT}/Headers/Public/FirebaseCore\"",
					"\"${PODS_ROOT}/Headers/Public/FirebaseInstanceID\"",
					"\"${PODS_ROOT}/Headers/Public/GoogleUtilities\"",
					"\"${PODS_ROOT}/Headers/Public/RNCAsyncStorage\"",
					"\"${PODS_ROOT}/Headers/Public/RNFirebase\"",
					"\"${PODS_ROOT}/Headers/Public/RNGestureHandler\"",
					"\"${PODS_ROOT}/Headers/Public/React-Core\"",
					"\"${PODS_ROOT}/Headers/Public/React-DevSupport\"",
					"\"${PODS_ROOT}/Headers/Public/React-RCTActionSheet\"",
					"\"${PODS_ROOT}/Headers/Public/React-RCTAnimation\"",
					"\"${PODS_ROOT}/Headers/Public/React-RCTBlob\"",
					"\"${PODS_ROOT}/Headers/Public/React-RCTImage\"",
					"\"${PODS_ROOT}/Headers/Public/React-RCTLinking\"",
					"\"${PODS_ROOT}/Headers/Public/React-RCTNetwork\"",
					"\"${PODS_ROOT}/Headers/Public/React-RCTSettings\"",
					"\"${PODS_ROOT}/Headers/Public/React-RCTText\"",
					"\"${PODS_ROOT}/Headers/Public/React-RCTVibration\"",
					"\"${PODS_ROOT}/Headers/Public/React-RCTWebSocket\"",
					"\"${PODS_ROOT}/Headers/Public/React-cxxreact\"",
					"\"${PODS_ROOT}/Headers/Public/React-fishhook\"",
					"\"${PODS_ROOT}/Headers/Public/React-jsi\"",
					"\"${PODS_ROOT}/Headers/Public/React-jsiexecutor\"",
					"\"${PODS_ROOT}/Headers/Public/React-jsinspector\"",
					"\"${PODS_ROOT}/Headers/Public/ReactNativeFabric\"",
					"\"${PODS_ROOT}/Headers/Public/ReactNativeNavigation\"",
					"\"${PODS_ROOT}/Headers/Public/ReactNativePermissions\"",
					"\"${PODS_ROOT}/Headers/Public/SDWebImage\"",
					"\"${PODS_ROOT}/Headers/Public/glog\"",
					"\"${PODS_ROOT}/Headers/Public/libwebp\"",
					"\"${PODS_ROOT}/Headers/Public/nanopb\"",
					"\"${PODS_ROOT}/Headers/Public/react-native-fast-image\"",
					"\"${PODS_ROOT}/Headers/Public/react-native-onesignal\"",
					"\"${PODS_ROOT}/Headers/Public/react-native-splash-screen\"",
					"\"${PODS_ROOT}/Headers/Public/yoga\"",
					"$(inherited)",
					"${PODS_ROOT}/Firebase/CoreOnly/Sources",
					"$(SRCROOT)/../node_modules/react-native-splash-screen/ios",
				);
				INFOPLIST_FILE = "BelshopDev-Info.plist";
				LD_RUNPATH_SEARCH_PATHS = "$(inherited) @executable_path/Frameworks";
				MARKETING_VERSION = 1.0;
				OTHER_LDFLAGS = (
					"$(inherited)",
					"-ObjC",
					"-lc++",
				);
				PRODUCT_BUNDLE_IDENTIFIER = com.belshop.dev;
				PRODUCT_NAME = "Belshop Dev";
				PROVISIONING_PROFILE_SPECIFIER = "";
				VERSIONING_SYSTEM = "apple-generic";
			};
			name = Debug;
		};
		BB0A3D52235A575200EAE732 /* Release */ = {
			isa = XCBuildConfiguration;
			baseConfigurationReference = 76CBBE01EB3466127AFF3C06 /* Pods-defaults-BelshopDev.release.xcconfig */;
			buildSettings = {
				ASSETCATALOG_COMPILER_APPICON_NAME = DEV;
				CODE_SIGN_ENTITLEMENTS = Belshop/Belshop.entitlements;
				CODE_SIGN_IDENTITY = "iPhone Developer";
				CODE_SIGN_STYLE = Automatic;
				CURRENT_PROJECT_ENV = DEV;
				CURRENT_PROJECT_VERSION = 41;
				DEVELOPMENT_TEAM = MP67A7X2A3;
				HEADER_SEARCH_PATHS = (
					"$(inherited)",
					"\"${PODS_ROOT}/Headers/Public\"",
					"\"${PODS_ROOT}/Headers/Public/DoubleConversion\"",
					"\"${PODS_ROOT}/Headers/Public/FLAnimatedImage\"",
					"\"${PODS_ROOT}/Headers/Public/Firebase\"",
					"\"${PODS_ROOT}/Headers/Public/FirebaseCore\"",
					"\"${PODS_ROOT}/Headers/Public/FirebaseInstanceID\"",
					"\"${PODS_ROOT}/Headers/Public/GoogleUtilities\"",
					"\"${PODS_ROOT}/Headers/Public/RNCAsyncStorage\"",
					"\"${PODS_ROOT}/Headers/Public/RNFirebase\"",
					"\"${PODS_ROOT}/Headers/Public/RNGestureHandler\"",
					"\"${PODS_ROOT}/Headers/Public/React-Core\"",
					"\"${PODS_ROOT}/Headers/Public/React-DevSupport\"",
					"\"${PODS_ROOT}/Headers/Public/React-RCTActionSheet\"",
					"\"${PODS_ROOT}/Headers/Public/React-RCTAnimation\"",
					"\"${PODS_ROOT}/Headers/Public/React-RCTBlob\"",
					"\"${PODS_ROOT}/Headers/Public/React-RCTImage\"",
					"\"${PODS_ROOT}/Headers/Public/React-RCTLinking\"",
					"\"${PODS_ROOT}/Headers/Public/React-RCTNetwork\"",
					"\"${PODS_ROOT}/Headers/Public/React-RCTSettings\"",
					"\"${PODS_ROOT}/Headers/Public/React-RCTText\"",
					"\"${PODS_ROOT}/Headers/Public/React-RCTVibration\"",
					"\"${PODS_ROOT}/Headers/Public/React-RCTWebSocket\"",
					"\"${PODS_ROOT}/Headers/Public/React-cxxreact\"",
					"\"${PODS_ROOT}/Headers/Public/React-fishhook\"",
					"\"${PODS_ROOT}/Headers/Public/React-jsi\"",
					"\"${PODS_ROOT}/Headers/Public/React-jsiexecutor\"",
					"\"${PODS_ROOT}/Headers/Public/React-jsinspector\"",
					"\"${PODS_ROOT}/Headers/Public/ReactNativeFabric\"",
					"\"${PODS_ROOT}/Headers/Public/ReactNativeNavigation\"",
					"\"${PODS_ROOT}/Headers/Public/ReactNativePermissions\"",
					"\"${PODS_ROOT}/Headers/Public/SDWebImage\"",
					"\"${PODS_ROOT}/Headers/Public/glog\"",
					"\"${PODS_ROOT}/Headers/Public/libwebp\"",
					"\"${PODS_ROOT}/Headers/Public/nanopb\"",
					"\"${PODS_ROOT}/Headers/Public/react-native-fast-image\"",
					"\"${PODS_ROOT}/Headers/Public/react-native-onesignal\"",
					"\"${PODS_ROOT}/Headers/Public/react-native-splash-screen\"",
					"\"${PODS_ROOT}/Headers/Public/yoga\"",
					"$(inherited)",
					"${PODS_ROOT}/Firebase/CoreOnly/Sources",
					"$(SRCROOT)/../node_modules/react-native-splash-screen/ios",
				);
				INFOPLIST_FILE = "BelshopDev-Info.plist";
				LD_RUNPATH_SEARCH_PATHS = "$(inherited) @executable_path/Frameworks";
				MARKETING_VERSION = 1.0;
				OTHER_LDFLAGS = (
					"$(inherited)",
					"-ObjC",
					"-lc++",
				);
				PRODUCT_BUNDLE_IDENTIFIER = com.belshop.dev;
				PRODUCT_NAME = "Belshop Dev";
				PROVISIONING_PROFILE_SPECIFIER = "";
				VERSIONING_SYSTEM = "apple-generic";
			};
			name = Release;
		};
/* End XCBuildConfiguration section */

/* Begin XCConfigurationList section */
		13B07F931A680F5B00A75B9A /* Build configuration list for PBXNativeTarget "Belshop" */ = {
			isa = XCConfigurationList;
			buildConfigurations = (
				13B07F941A680F5B00A75B9A /* Debug */,
				13B07F951A680F5B00A75B9A /* Release */,
			);
			defaultConfigurationIsVisible = 0;
			defaultConfigurationName = Release;
		};
		83CBB9FA1A601CBA00E9B192 /* Build configuration list for PBXProject "belshop" */ = {
			isa = XCConfigurationList;
			buildConfigurations = (
				83CBBA201A601CBA00E9B192 /* Debug */,
				83CBBA211A601CBA00E9B192 /* Release */,
			);
			defaultConfigurationIsVisible = 0;
			defaultConfigurationName = Release;
		};
		BB0A3D25235A495400EAE732 /* Build configuration list for PBXNativeTarget "BelshopQA" */ = {
			isa = XCConfigurationList;
			buildConfigurations = (
				BB0A3D26235A495400EAE732 /* Debug */,
				BB0A3D27235A495400EAE732 /* Release */,
			);
			defaultConfigurationIsVisible = 0;
			defaultConfigurationName = Release;
		};
		BB0A3D3D235A4EA300EAE732 /* Build configuration list for PBXNativeTarget "BelshopStaging" */ = {
			isa = XCConfigurationList;
			buildConfigurations = (
				BB0A3D3E235A4EA300EAE732 /* Debug */,
				BB0A3D3F235A4EA300EAE732 /* Release */,
			);
			defaultConfigurationIsVisible = 0;
			defaultConfigurationName = Release;
		};
		BB0A3D50235A575200EAE732 /* Build configuration list for PBXNativeTarget "BelshopDev" */ = {
			isa = XCConfigurationList;
			buildConfigurations = (
				BB0A3D51235A575200EAE732 /* Debug */,
				BB0A3D52235A575200EAE732 /* Release */,
			);
			defaultConfigurationIsVisible = 0;
			defaultConfigurationName = Release;
		};
/* End XCConfigurationList section */
	};
	rootObject = 83CBB9F71A601CBA00E9B192 /* Project object */;
}
